// !$*UTF8*$!
{
	archiveVersion = 1;
	classes = {
	};
	objectVersion = 77;
	objects = {

/* Begin PBXBuildFile section */
		035D8709303854537D038A4C /* KeychainStore.swift in Sources */ = {isa = PBXBuildFile; fileRef = 693B0422A40F1D865403F63B /* KeychainStore.swift */; };
		055303B542D7C5B593624D0C /* SettingsView.swift in Sources */ = {isa = PBXBuildFile; fileRef = 5EBCEF74D9E62D8A490F0CFB /* SettingsView.swift */; };
		2B7746B836B862AD11E5198A /* HealthChatApp.swift in Sources */ = {isa = PBXBuildFile; fileRef = 3A96DFA89142899891C5040A /* HealthChatApp.swift */; };
		2EC1821C50AB2EE063C5456E /* EngineSettings.swift in Sources */ = {isa = PBXBuildFile; fileRef = 488A7E75212DFCF7E9B4D57A /* EngineSettings.swift */; };
		5A8E14B8D4CE94201F1D49F2 /* AIKit in Frameworks */ = {isa = PBXBuildFile; productRef = 10AD1DA4C2AB6A5E98DD8996 /* AIKit */; };
		5C28063F82AADBAC8FCEDDEE /* ChatMessage.swift in Sources */ = {isa = PBXBuildFile; fileRef = 1F93D5AB337EF321F53CCE7D /* ChatMessage.swift */; };
		7839689D42E2C2728E83AA03 /* ChatViewModel.swift in Sources */ = {isa = PBXBuildFile; fileRef = 72475A88DE4F0DDDF7275FD3 /* ChatViewModel.swift */; };
		935519603C0E13B5A17B333F /* HealthStore.swift in Sources */ = {isa = PBXBuildFile; fileRef = 99FB47FBAC6D5DD791DBE341 /* HealthStore.swift */; };
		9D539A3360F66E802176FB76 /* DebugSeeder.swift in Sources */ = {isa = PBXBuildFile; fileRef = 6D7E12635C3DC0D5F69B0311 /* DebugSeeder.swift */; };
		A8BD34C03F9B28EFD118D4E2 /* HealthTools.swift in Sources */ = {isa = PBXBuildFile; fileRef = 7E650374FC8103EB913304E2 /* HealthTools.swift */; };
		C01C3911E3D20BB7D30FD59B /* HealthAssistantInstructions.swift in Sources */ = {isa = PBXBuildFile; fileRef = E69E7DE6F21A0E9160A0F628 /* HealthAssistantInstructions.swift */; };
		C2C3B4553544E3A79EF770AB /* ChatView.swift in Sources */ = {isa = PBXBuildFile; fileRef = 4831856EE2EC904362E41D29 /* ChatView.swift */; };
		C361FA106076E33DD4DE3584 /* AIKitEngine.swift in Sources */ = {isa = PBXBuildFile; fileRef = 675AAA08C439AACDF220D3AA /* AIKitEngine.swift */; };
		C6FD8B430EA426EE66E0B60B /* FoundationModelsEngine.swift in Sources */ = {isa = PBXBuildFile; fileRef = 739C357FEEE3B3781C93B957 /* FoundationModelsEngine.swift */; };
		E0C1126863A9EF613F97FF0A /* EchoEngine.swift in Sources */ = {isa = PBXBuildFile; fileRef = 433358BA9EFC65D7F1DACB01 /* EchoEngine.swift */; };
		FDFC3710084BB49D6D5A0EEE /* AgentEngine.swift in Sources */ = {isa = PBXBuildFile; fileRef = 2B0074F7C3BB04FAD54B8769 /* AgentEngine.swift */; };
/* End PBXBuildFile section */

/* Begin PBXFileReference section */
		1F93D5AB337EF321F53CCE7D /* ChatMessage.swift */ = {isa = PBXFileReference; lastKnownFileType = sourcecode.swift; path = ChatMessage.swift; sourceTree = "<group>"; };
		240748FF19F50787C5D02C81 /* aikitswift */ = {isa = PBXFileReference; lastKnownFileType = folder; name = aikitswift; path = ../aikitswift; sourceTree = SOURCE_ROOT; };
		2764D5648660091F407CFE7A /* HealthChat.app */ = {isa = PBXFileReference; includeInIndex = 0; lastKnownFileType = wrapper.application; path = HealthChat.app; sourceTree = BUILT_PRODUCTS_DIR; };
		2B0074F7C3BB04FAD54B8769 /* AgentEngine.swift */ = {isa = PBXFileReference; lastKnownFileType = sourcecode.swift; path = AgentEngine.swift; sourceTree = "<group>"; };
		3A96DFA89142899891C5040A /* HealthChatApp.swift */ = {isa = PBXFileReference; lastKnownFileType = sourcecode.swift; path = HealthChatApp.swift; sourceTree = "<group>"; };
		433358BA9EFC65D7F1DACB01 /* EchoEngine.swift */ = {isa = PBXFileReference; lastKnownFileType = sourcecode.swift; path = EchoEngine.swift; sourceTree = "<group>"; };
		4831856EE2EC904362E41D29 /* ChatView.swift */ = {isa = PBXFileReference; lastKnownFileType = sourcecode.swift; path = ChatView.swift; sourceTree = "<group>"; };
		488A7E75212DFCF7E9B4D57A /* EngineSettings.swift */ = {isa = PBXFileReference; lastKnownFileType = sourcecode.swift; path = EngineSettings.swift; sourceTree = "<group>"; };
		5EBCEF74D9E62D8A490F0CFB /* SettingsView.swift */ = {isa = PBXFileReference; lastKnownFileType = sourcecode.swift; path = SettingsView.swift; sourceTree = "<group>"; };
		675AAA08C439AACDF220D3AA /* AIKitEngine.swift */ = {isa = PBXFileReference; lastKnownFileType = sourcecode.swift; path = AIKitEngine.swift; sourceTree = "<group>"; };
		693B0422A40F1D865403F63B /* KeychainStore.swift */ = {isa = PBXFileReference; lastKnownFileType = sourcecode.swift; path = KeychainStore.swift; sourceTree = "<group>"; };
		6D7E12635C3DC0D5F69B0311 /* DebugSeeder.swift */ = {isa = PBXFileReference; lastKnownFileType = sourcecode.swift; path = DebugSeeder.swift; sourceTree = "<group>"; };
		72475A88DE4F0DDDF7275FD3 /* ChatViewModel.swift */ = {isa = PBXFileReference; lastKnownFileType = sourcecode.swift; path = ChatViewModel.swift; sourceTree = "<group>"; };
		739C357FEEE3B3781C93B957 /* FoundationModelsEngine.swift */ = {isa = PBXFileReference; lastKnownFileType = sourcecode.swift; path = FoundationModelsEngine.swift; sourceTree = "<group>"; };
		7E650374FC8103EB913304E2 /* HealthTools.swift */ = {isa = PBXFileReference; lastKnownFileType = sourcecode.swift; path = HealthTools.swift; sourceTree = "<group>"; };
		7F86DB50065C30617D4EC449 /* HealthChat.entitlements */ = {isa = PBXFileReference; lastKnownFileType = text.plist.entitlements; path = HealthChat.entitlements; sourceTree = "<group>"; };
		99FB47FBAC6D5DD791DBE341 /* HealthStore.swift */ = {isa = PBXFileReference; lastKnownFileType = sourcecode.swift; path = HealthStore.swift; sourceTree = "<group>"; };
		E69E7DE6F21A0E9160A0F628 /* HealthAssistantInstructions.swift */ = {isa = PBXFileReference; lastKnownFileType = sourcecode.swift; path = HealthAssistantInstructions.swift; sourceTree = "<group>"; };
/* End PBXFileReference section */

/* Begin PBXFrameworksBuildPhase section */
		D110C1BE203E6BC81B1E71D6 /* Frameworks */ = {
			isa = PBXFrameworksBuildPhase;
			buildActionMask = 2147483647;
			files = (
				5A8E14B8D4CE94201F1D49F2 /* AIKit in Frameworks */,
			);
			runOnlyForDeploymentPostprocessing = 0;
		};
/* End PBXFrameworksBuildPhase section */

/* Begin PBXGroup section */
		27C8760FC9F8B66252B9A34B = {
			isa = PBXGroup;
			children = (
				3ADC8D25DBD68C363CC4B6CB /* HealthChat */,
				FD5634472C0DC070F1FEEA47 /* Packages */,
				A51543E4F499D110097E3EDB /* Products */,
			);
			sourceTree = "<group>";
		};
		3793A388C145DD413F350641 /* Chat */ = {
			isa = PBXGroup;
			children = (
				4831856EE2EC904362E41D29 /* ChatView.swift */,
				72475A88DE4F0DDDF7275FD3 /* ChatViewModel.swift */,
			);
			path = Chat;
			sourceTree = "<group>";
		};
		3ADC8D25DBD68C363CC4B6CB /* HealthChat */ = {
			isa = PBXGroup;
			children = (
				7F86DB50065C30617D4EC449 /* HealthChat.entitlements */,
				3A96DFA89142899891C5040A /* HealthChatApp.swift */,
				3793A388C145DD413F350641 /* Chat */,
				7F3FD4BDBFA4B5FA58FAB75D /* Engine */,
				7229EB7A7508313A4C9E5CBE /* Health */,
				8067923987197A5031827414 /* Models */,
				BEB0F1583ED31D14EC7B660B /* Settings */,
			);
			path = HealthChat;
			sourceTree = "<group>";
		};
		7229EB7A7508313A4C9E5CBE /* Health */ = {
			isa = PBXGroup;
			children = (
				6D7E12635C3DC0D5F69B0311 /* DebugSeeder.swift */,
				99FB47FBAC6D5DD791DBE341 /* HealthStore.swift */,
			);
			path = Health;
			sourceTree = "<group>";
		};
		7F3FD4BDBFA4B5FA58FAB75D /* Engine */ = {
			isa = PBXGroup;
			children = (
				2B0074F7C3BB04FAD54B8769 /* AgentEngine.swift */,
				675AAA08C439AACDF220D3AA /* AIKitEngine.swift */,
				433358BA9EFC65D7F1DACB01 /* EchoEngine.swift */,
				739C357FEEE3B3781C93B957 /* FoundationModelsEngine.swift */,
				E69E7DE6F21A0E9160A0F628 /* HealthAssistantInstructions.swift */,
				7E650374FC8103EB913304E2 /* HealthTools.swift */,
			);
			path = Engine;
			sourceTree = "<group>";
		};
		8067923987197A5031827414 /* Models */ = {
			isa = PBXGroup;
			children = (
				1F93D5AB337EF321F53CCE7D /* ChatMessage.swift */,
			);
			path = Models;
			sourceTree = "<group>";
		};
		A51543E4F499D110097E3EDB /* Products */ = {
			isa = PBXGroup;
			children = (
				2764D5648660091F407CFE7A /* HealthChat.app */,
			);
			name = Products;
			sourceTree = "<group>";
		};
		BEB0F1583ED31D14EC7B660B /* Settings */ = {
			isa = PBXGroup;
			children = (
				488A7E75212DFCF7E9B4D57A /* EngineSettings.swift */,
				693B0422A40F1D865403F63B /* KeychainStore.swift */,
				5EBCEF74D9E62D8A490F0CFB /* SettingsView.swift */,
			);
			path = Settings;
			sourceTree = "<group>";
		};
		FD5634472C0DC070F1FEEA47 /* Packages */ = {
			isa = PBXGroup;
			children = (
				240748FF19F50787C5D02C81 /* aikitswift */,
			);
			name = Packages;
			sourceTree = "<group>";
		};
/* End PBXGroup section */

/* Begin PBXNativeTarget section */
		A4C1FC5C987576F7B19F3806 /* HealthChat */ = {
			isa = PBXNativeTarget;
			buildConfigurationList = 8FAAFC7932662947E874CAD6 /* Build configuration list for PBXNativeTarget "HealthChat" */;
			buildPhases = (
				12FA0E4298A19B191C3E6F9D /* Sources */,
				D110C1BE203E6BC81B1E71D6 /* Frameworks */,
			);
			buildRules = (
			);
			dependencies = (
			);
			name = HealthChat;
			packageProductDependencies = (
				10AD1DA4C2AB6A5E98DD8996 /* AIKit */,
			);
			productName = HealthChat;
			productReference = 2764D5648660091F407CFE7A /* HealthChat.app */;
			productType = "com.apple.product-type.application";
		};
/* End PBXNativeTarget section */

/* Begin PBXProject section */
		3246CE8650E7B4E6AE443863 /* Project object */ = {
			isa = PBXProject;
			attributes = {
				BuildIndependentTargetsInParallel = YES;
				LastUpgradeCheck = 1430;
				TargetAttributes = {
					A4C1FC5C987576F7B19F3806 = {
						ProvisioningStyle = Automatic;
					};
				};
			};
			buildConfigurationList = CDD66117A2175BC3AAD50FCD /* Build configuration list for PBXProject "HealthChat" */;
			developmentRegion = en;
			hasScannedForEncodings = 0;
			knownRegions = (
				Base,
				en,
			);
			mainGroup = 27C8760FC9F8B66252B9A34B;
			minimizedProjectReferenceProxies = 1;
			packageReferences = (
				D8CE29101E0760240DC35A8E /* XCLocalSwiftPackageReference "../aikitswift" */,
			);
			preferredProjectObjectVersion = 77;
			productRefGroup = A51543E4F499D110097E3EDB /* Products */;
			projectDirPath = "";
			projectRoot = "";
			targets = (
				A4C1FC5C987576F7B19F3806 /* HealthChat */,
			);
		};
/* End PBXProject section */

/* Begin PBXSourcesBuildPhase section */
		12FA0E4298A19B191C3E6F9D /* Sources */ = {
			isa = PBXSourcesBuildPhase;
			buildActionMask = 2147483647;
			files = (
				C361FA106076E33DD4DE3584 /* AIKitEngine.swift in Sources */,
				FDFC3710084BB49D6D5A0EEE /* AgentEngine.swift in Sources */,
				5C28063F82AADBAC8FCEDDEE /* ChatMessage.swift in Sources */,
				C2C3B4553544E3A79EF770AB /* ChatView.swift in Sources */,
				7839689D42E2C2728E83AA03 /* ChatViewModel.swift in Sources */,
				9D539A3360F66E802176FB76 /* DebugSeeder.swift in Sources */,
				E0C1126863A9EF613F97FF0A /* EchoEngine.swift in Sources */,
				2EC1821C50AB2EE063C5456E /* EngineSettings.swift in Sources */,
				C6FD8B430EA426EE66E0B60B /* FoundationModelsEngine.swift in Sources */,
				C01C3911E3D20BB7D30FD59B /* HealthAssistantInstructions.swift in Sources */,
				2B7746B836B862AD11E5198A /* HealthChatApp.swift in Sources */,
				935519603C0E13B5A17B333F /* HealthStore.swift in Sources */,
				A8BD34C03F9B28EFD118D4E2 /* HealthTools.swift in Sources */,
				035D8709303854537D038A4C /* KeychainStore.swift in Sources */,
				055303B542D7C5B593624D0C /* SettingsView.swift in Sources */,
			);
			runOnlyForDeploymentPostprocessing = 0;
		};
/* End PBXSourcesBuildPhase section */

/* Begin XCBuildConfiguration section */
		191DC10AFAA5138A720CF67C /* Debug */ = {
			isa = XCBuildConfiguration;
			buildSettings = {
				ALWAYS_SEARCH_USER_PATHS = NO;
				CLANG_ANALYZER_NONNULL = YES;
				CLANG_ANALYZER_NUMBER_OBJECT_CONVERSION = YES_AGGRESSIVE;
				CLANG_CXX_LANGUAGE_STANDARD = "gnu++14";
				CLANG_CXX_LIBRARY = "libc++";
				CLANG_ENABLE_MODULES = YES;
				CLANG_ENABLE_OBJC_ARC = YES;
				CLANG_ENABLE_OBJC_WEAK = YES;
				CLANG_WARN_BLOCK_CAPTURE_AUTORELEASING = YES;
				CLANG_WARN_BOOL_CONVERSION = YES;
				CLANG_WARN_COMMA = YES;
				CLANG_WARN_CONSTANT_CONVERSION = YES;
				CLANG_WARN_DEPRECATED_OBJC_IMPLEMENTATIONS = YES;
				CLANG_WARN_DIRECT_OBJC_ISA_USAGE = YES_ERROR;
				CLANG_WARN_DOCUMENTATION_COMMENTS = YES;
				CLANG_WARN_EMPTY_BODY = YES;
				CLANG_WARN_ENUM_CONVERSION = YES;
				CLANG_WARN_INFINITE_RECURSION = YES;
				CLANG_WARN_INT_CONVERSION = YES;
				CLANG_WARN_NON_LITERAL_NULL_CONVERSION = YES;
				CLANG_WARN_OBJC_IMPLICIT_RETAIN_SELF = YES;
				CLANG_WARN_OBJC_LITERAL_CONVERSION = YES;
				CLANG_WARN_OBJC_ROOT_CLASS = YES_ERROR;
				CLANG_WARN_QUOTED_INCLUDE_IN_FRAMEWORK_HEADER = YES;
				CLANG_WARN_RANGE_LOOP_ANALYSIS = YES;
				CLANG_WARN_STRICT_PROTOTYPES = YES;
				CLANG_WARN_SUSPICIOUS_MOVE = YES;
				CLANG_WARN_UNGUARDED_AVAILABILITY = YES_AGGRESSIVE;
				CLANG_WARN_UNREACHABLE_CODE = YES;
				CLANG_WARN__DUPLICATE_METHOD_MATCH = YES;
				CODE_SIGN_STYLE = Automatic;
				COPY_PHASE_STRIP = NO;
				DEBUG_INFORMATION_FORMAT = dwarf;
				ENABLE_STRICT_OBJC_MSGSEND = YES;
				ENABLE_TESTABILITY = YES;
				GCC_C_LANGUAGE_STANDARD = gnu11;
				GCC_DYNAMIC_NO_PIC = NO;
				GCC_NO_COMMON_BLOCKS = YES;
				GCC_OPTIMIZATION_LEVEL = 0;
				GCC_PREPROCESSOR_DEFINITIONS = (
					"$(inherited)",
					"DEBUG=1",
				);
				GCC_WARN_64_TO_32_BIT_CONVERSION = YES;
				GCC_WARN_ABOUT_RETURN_TYPE = YES_ERROR;
				GCC_WARN_UNDECLARED_SELECTOR = YES;
				GCC_WARN_UNINITIALIZED_AUTOS = YES_AGGRESSIVE;
				GCC_WARN_UNUSED_FUNCTION = YES;
				GCC_WARN_UNUSED_VARIABLE = YES;
				IPHONEOS_DEPLOYMENT_TARGET = 26.0;
				MTL_ENABLE_DEBUG_INFO = INCLUDE_SOURCE;
				MTL_FAST_MATH = YES;
				ONLY_ACTIVE_ARCH = YES;
				PRODUCT_NAME = "$(TARGET_NAME)";
				SDKROOT = iphoneos;
				SWIFT_ACTIVE_COMPILATION_CONDITIONS = DEBUG;
				SWIFT_OPTIMIZATION_LEVEL = "-Onone";
				SWIFT_VERSION = 6.0;
			};
			name = Debug;
		};
		5D817E3D2947C103BAFC419E /* Release */ = {
			isa = XCBuildConfiguration;
			buildSettings = {
				ALWAYS_SEARCH_USER_PATHS = NO;
				CLANG_ANALYZER_NONNULL = YES;
				CLANG_ANALYZER_NUMBER_OBJECT_CONVERSION = YES_AGGRESSIVE;
				CLANG_CXX_LANGUAGE_STANDARD = "gnu++14";
				CLANG_CXX_LIBRARY = "libc++";
				CLANG_ENABLE_MODULES = YES;
				CLANG_ENABLE_OBJC_ARC = YES;
				CLANG_ENABLE_OBJC_WEAK = YES;
				CLANG_WARN_BLOCK_CAPTURE_AUTORELEASING = YES;
				CLANG_WARN_BOOL_CONVERSION = YES;
				CLANG_WARN_COMMA = YES;
				CLANG_WARN_CONSTANT_CONVERSION = YES;
				CLANG_WARN_DEPRECATED_OBJC_IMPLEMENTATIONS = YES;
				CLANG_WARN_DIRECT_OBJC_ISA_USAGE = YES_ERROR;
				CLANG_WARN_DOCUMENTATION_COMMENTS = YES;
				CLANG_WARN_EMPTY_BODY = YES;
				CLANG_WARN_ENUM_CONVERSION = YES;
				CLANG_WARN_INFINITE_RECURSION = YES;
				CLANG_WARN_INT_CONVERSION = YES;
				CLANG_WARN_NON_LITERAL_NULL_CONVERSION = YES;
				CLANG_WARN_OBJC_IMPLICIT_RETAIN_SELF = YES;
				CLANG_WARN_OBJC_LITERAL_CONVERSION = YES;
				CLANG_WARN_OBJC_ROOT_CLASS = YES_ERROR;
				CLANG_WARN_QUOTED_INCLUDE_IN_FRAMEWORK_HEADER = YES;
				CLANG_WARN_RANGE_LOOP_ANALYSIS = YES;
				CLANG_WARN_STRICT_PROTOTYPES = YES;
				CLANG_WARN_SUSPICIOUS_MOVE = YES;
				CLANG_WARN_UNGUARDED_AVAILABILITY = YES_AGGRESSIVE;
				CLANG_WARN_UNREACHABLE_CODE = YES;
				CLANG_WARN__DUPLICATE_METHOD_MATCH = YES;
				CODE_SIGN_STYLE = Automatic;
				COPY_PHASE_STRIP = NO;
				DEBUG_INFORMATION_FORMAT = "dwarf-with-dsym";
				ENABLE_NS_ASSERTIONS = NO;
				ENABLE_STRICT_OBJC_MSGSEND = YES;
				GCC_C_LANGUAGE_STANDARD = gnu11;
				GCC_NO_COMMON_BLOCKS = YES;
				GCC_WARN_64_TO_32_BIT_CONVERSION = YES;
				GCC_WARN_ABOUT_RETURN_TYPE = YES_ERROR;
				GCC_WARN_UNDECLARED_SELECTOR = YES;
				GCC_WARN_UNINITIALIZED_AUTOS = YES_AGGRESSIVE;
				GCC_WARN_UNUSED_FUNCTION = YES;
				GCC_WARN_UNUSED_VARIABLE = YES;
				IPHONEOS_DEPLOYMENT_TARGET = 26.0;
				MTL_ENABLE_DEBUG_INFO = NO;
				MTL_FAST_MATH = YES;
				PRODUCT_NAME = "$(TARGET_NAME)";
				SDKROOT = iphoneos;
				SWIFT_COMPILATION_MODE = wholemodule;
				SWIFT_OPTIMIZATION_LEVEL = "-O";
				SWIFT_VERSION = 6.0;
			};
			name = Release;
		};
		7C0475D2E1881539A33DCA8E /* Debug */ = {
			isa = XCBuildConfiguration;
			buildSettings = {
				ASSETCATALOG_COMPILER_APPICON_NAME = AppIcon;
				CODE_SIGN_ENTITLEMENTS = HealthChat/HealthChat.entitlements;
				CODE_SIGN_IDENTITY = "iPhone Developer";
				GENERATE_INFOPLIST_FILE = YES;
				INFOPLIST_KEY_CFBundleDisplayName = HealthChat;
				INFOPLIST_KEY_NSHealthShareUsageDescription = "用于在对话中分析你的步数、睡眠、心率等健康数据;端上模型模式下数据不离开设备。";
				INFOPLIST_KEY_NSHealthUpdateUsageDescription = "仅在开发版本中写入模拟健康数据，用于验证查询和分析结果。";
				INFOPLIST_KEY_UILaunchScreen_Generation = YES;
				LD_RUNPATH_SEARCH_PATHS = (
					"$(inherited)",
					"@executable_path/Frameworks",
				);
				PRODUCT_BUNDLE_IDENTIFIER = com.junyizhang.HealthChat;
				PRODUCT_NAME = HealthChat;
				SDKROOT = iphoneos;
				SWIFT_STRICT_CONCURRENCY = targeted;
				TARGETED_DEVICE_FAMILY = 1;
			};
			name = Debug;
		};
		83BCC3EEA52193056DC9E377 /* Release */ = {
			isa = XCBuildConfiguration;
			buildSettings = {
				ASSETCATALOG_COMPILER_APPICON_NAME = AppIcon;
				CODE_SIGN_ENTITLEMENTS = HealthChat/HealthChat.entitlements;
				CODE_SIGN_IDENTITY = "iPhone Developer";
				GENERATE_INFOPLIST_FILE = YES;
				INFOPLIST_KEY_CFBundleDisplayName = HealthChat;
				INFOPLIST_KEY_NSHealthShareUsageDescription = "用于在对话中分析你的步数、睡眠、心率等健康数据;端上模型模式下数据不离开设备。";
				INFOPLIST_KEY_NSHealthUpdateUsageDescription = "仅在开发版本中写入模拟健康数据，用于验证查询和分析结果。";
				INFOPLIST_KEY_UILaunchScreen_Generation = YES;
				LD_RUNPATH_SEARCH_PATHS = (
					"$(inherited)",
					"@executable_path/Frameworks",
				);
				PRODUCT_BUNDLE_IDENTIFIER = com.junyizhang.HealthChat;
				PRODUCT_NAME = HealthChat;
				SDKROOT = iphoneos;
				SWIFT_STRICT_CONCURRENCY = targeted;
				TARGETED_DEVICE_FAMILY = 1;
			};
			name = Release;
		};
/* End XCBuildConfiguration section */

/* Begin XCConfigurationList section */
		8FAAFC7932662947E874CAD6 /* Build configuration list for PBXNativeTarget "HealthChat" */ = {
			isa = XCConfigurationList;
			buildConfigurations = (
				7C0475D2E1881539A33DCA8E /* Debug */,
				83BCC3EEA52193056DC9E377 /* Release */,
			);
			defaultConfigurationIsVisible = 0;
			defaultConfigurationName = Debug;
		};
		CDD66117A2175BC3AAD50FCD /* Build configuration list for PBXProject "HealthChat" */ = {
			isa = XCConfigurationList;
			buildConfigurations = (
				191DC10AFAA5138A720CF67C /* Debug */,
				5D817E3D2947C103BAFC419E /* Release */,
			);
			defaultConfigurationIsVisible = 0;
			defaultConfigurationName = Debug;
		};
/* End XCConfigurationList section */

/* Begin XCLocalSwiftPackageReference section */
		D8CE29101E0760240DC35A8E /* XCLocalSwiftPackageReference "../aikitswift" */ = {
			isa = XCLocalSwiftPackageReference;
			relativePath = ../aikitswift;
		};
/* End XCLocalSwiftPackageReference section */

/* Begin XCSwiftPackageProductDependency section */
		10AD1DA4C2AB6A5E98DD8996 /* AIKit */ = {
			isa = XCSwiftPackageProductDependency;
			productName = AIKit;
		};
/* End XCSwiftPackageProductDependency section */
	};
	rootObject = 3246CE8650E7B4E6AE443863 /* Project object */;
}
