// !$*UTF8*$!
{
	archiveVersion = 1;
	classes = {
	};
	objectVersion = 77;
	objects = {

/* Begin PBXBuildFile section */
		035D8709303854537D038A4C /* KeychainStore.swift in Sources */ = {isa = PBXBuildFile; fileRef = 693B0422A40F1D865403F63B /* KeychainStore.swift */; };
		0422EA7DA035E967F275215B /* TextRecognizer.swift in Sources */ = {isa = PBXBuildFile; fileRef = AA8A61FE1FF0031E88849349 /* TextRecognizer.swift */; };
		0481E669EF4F0E0E5CABEC44 /* SessionStore.swift in Sources */ = {isa = PBXBuildFile; fileRef = CB3C81EFA4F5819BA6BEA62B /* SessionStore.swift */; };
		055303B542D7C5B593624D0C /* SettingsView.swift in Sources */ = {isa = PBXBuildFile; fileRef = 5EBCEF74D9E62D8A490F0CFB /* SettingsView.swift */; };
		058CCB1CB6ECDE0BEB771E97 /* FollowUpChipTests.swift in Sources */ = {isa = PBXBuildFile; fileRef = FE5CE6CC62914BCF9B6FA475 /* FollowUpChipTests.swift */; };
		05C166D293377409DD040576 /* DocxText.swift in Sources */ = {isa = PBXBuildFile; fileRef = 770138DD64152FE98D4490FF /* DocxText.swift */; };
		07DCF6904D10EC18B1CB2442 /* DataUseNotice.swift in Sources */ = {isa = PBXBuildFile; fileRef = D52A5195FED14006106C135D /* DataUseNotice.swift */; };
		0B54E492502843A67BB4AEB6 /* SessionStorePerformanceTests.swift in Sources */ = {isa = PBXBuildFile; fileRef = 8E08AA2D3AA1ECB3ED52B1F8 /* SessionStorePerformanceTests.swift */; };
		0C5A80234BBD46447D34BC8F /* CloudCatalog.swift in Sources */ = {isa = PBXBuildFile; fileRef = 99342B97067E454CEA41A74C /* CloudCatalog.swift */; };
		11394994FFE4A02E95C07486 /* CheckInScheduler.swift in Sources */ = {isa = PBXBuildFile; fileRef = D52899627630A75079D60920 /* CheckInScheduler.swift */; };
		12AB0A561D6390B9102B2573 /* VisionTests.swift in Sources */ = {isa = PBXBuildFile; fileRef = F03F7AC05908A15A92A0495D /* VisionTests.swift */; };
		12BE5549A2F18A2E200D49B1 /* MedicationDetailView.swift in Sources */ = {isa = PBXBuildFile; fileRef = 6FD4090E9C4821B6650D46B5 /* MedicationDetailView.swift */; };
		13402EA91A0E7D62A18569CC /* AskUserQuestion.swift in Sources */ = {isa = PBXBuildFile; fileRef = D52816C083C5424DAA472CE4 /* AskUserQuestion.swift */; };
		1D36A064E62EEE8434DFA735 /* AboutView.swift in Sources */ = {isa = PBXBuildFile; fileRef = 032C3FAE4B63DB9E446F4DA1 /* AboutView.swift */; };
		1E26A944B2F3F0143996F027 /* ComplianceTests.swift in Sources */ = {isa = PBXBuildFile; fileRef = 4C878F29BF7FCC84C489DC64 /* ComplianceTests.swift */; };
		1E2B7292548CBF9B027A6979 /* ZIPArchive.swift in Sources */ = {isa = PBXBuildFile; fileRef = 117EF60B1EA8D0FB9F745BC1 /* ZIPArchive.swift */; };
		1EB178C4F9F2F4301A00F6AE /* ChatLoopTests.swift in Sources */ = {isa = PBXBuildFile; fileRef = 3605F6F823756E8E2D3977A4 /* ChatLoopTests.swift */; };
		220E2664406A61C8C39E7AE4 /* AskUserTests.swift in Sources */ = {isa = PBXBuildFile; fileRef = 141724EAF8C36AA56193BD64 /* AskUserTests.swift */; };
		22B9314E94B9D7EB65BB08EB /* SessionRecall.swift in Sources */ = {isa = PBXBuildFile; fileRef = 8235E3262E6138D6D1ED0544 /* SessionRecall.swift */; };
		25CAB3EE59AF818F91A1F53D /* MemoryExtractor.swift in Sources */ = {isa = PBXBuildFile; fileRef = EA83184F12D385AEF552BB6A /* MemoryExtractor.swift */; };
		25DD85ADF18FE295906FA3FF /* TenantStore.swift in Sources */ = {isa = PBXBuildFile; fileRef = 6E5E0AD2C6F723BCFD6DC6C9 /* TenantStore.swift */; };
		268386EE94BBB2212D6EDBCC /* QuickSummaryWriter.swift in Sources */ = {isa = PBXBuildFile; fileRef = 97B44AA82061830ACBB2F260 /* QuickSummaryWriter.swift */; };
		26AEF33D1FF0E2AAB6E7925A /* QuickSummaryTests.swift in Sources */ = {isa = PBXBuildFile; fileRef = D56F6839C5BEA2AEB3C0A420 /* QuickSummaryTests.swift */; };
		272ACB6EA9284C9376FDDE3A /* TenantContext.swift in Sources */ = {isa = PBXBuildFile; fileRef = 2D129AA9A283B99C2A6CC2A5 /* TenantContext.swift */; };
		2B7746B836B862AD11E5198A /* HealthChatApp.swift in Sources */ = {isa = PBXBuildFile; fileRef = 3A96DFA89142899891C5040A /* HealthChatApp.swift */; };
		2E37FECA35FA8F5714DDEBD2 /* InterestProfile.swift in Sources */ = {isa = PBXBuildFile; fileRef = 2DF8015F31C712FAB75EA280 /* InterestProfile.swift */; };
		2E5C952D5956350B0B7A95F1 /* ContextBudgetPerformanceTests.swift in Sources */ = {isa = PBXBuildFile; fileRef = 09B9AE29C0CB2B6771CCB916 /* ContextBudgetPerformanceTests.swift */; };
		2EC1821C50AB2EE063C5456E /* EngineSettings.swift in Sources */ = {isa = PBXBuildFile; fileRef = 488A7E75212DFCF7E9B4D57A /* EngineSettings.swift */; };
		2F5C9D39FD95327D5B8E7A5D /* ExerciseLibrary.swift in Sources */ = {isa = PBXBuildFile; fileRef = 3350455ECC5D9FA4CE1FE326 /* ExerciseLibrary.swift */; };
		30989DE6DDC97556AE67D0C1 /* FollowUpRunnerTests.swift in Sources */ = {isa = PBXBuildFile; fileRef = A387ACB7AEE3013339A09C54 /* FollowUpRunnerTests.swift */; };
		33DDA01D626BF6ED06CF7333 /* ToolResultPanel.swift in Sources */ = {isa = PBXBuildFile; fileRef = 98FA7092CC07CC4F43676FDB /* ToolResultPanel.swift */; };
		34C674D0EE9D43B21EF10C83 /* HealthStatusView.swift in Sources */ = {isa = PBXBuildFile; fileRef = 279C3404FCD87BA49F2C6B8D /* HealthStatusView.swift */; };
		36793F81A9C1F64F6CD1C1ED /* AssistantPersona.swift in Sources */ = {isa = PBXBuildFile; fileRef = 71DD0DA8E7A626878D4D2553 /* AssistantPersona.swift */; };
		367B11714D566E251B4BB863 /* QueuedMessageTests.swift in Sources */ = {isa = PBXBuildFile; fileRef = 74A0FD867EB71F5150F4C579 /* QueuedMessageTests.swift */; };
		3706656D35EA51CF1E99EF58 /* BackgroundDigest.swift in Sources */ = {isa = PBXBuildFile; fileRef = 5DB3683AE0019A420ED052C6 /* BackgroundDigest.swift */; };
		3958134D297BF18F1A18805F /* GoalThreadTests.swift in Sources */ = {isa = PBXBuildFile; fileRef = F4EF553374E5A74CD384D903 /* GoalThreadTests.swift */; };
		3E468AD598771FFDAF81A58C /* SpokenBrief.swift in Sources */ = {isa = PBXBuildFile; fileRef = ED248EC62741A14FCF72E632 /* SpokenBrief.swift */; };
		40D21C76A5D0B9545B0A189A /* Tenant.swift in Sources */ = {isa = PBXBuildFile; fileRef = 643BC62340C02F55E9FF4C40 /* Tenant.swift */; };
		41AFEC0661ADF52C6ED8DC89 /* ChatMessagePersistenceTests.swift in Sources */ = {isa = PBXBuildFile; fileRef = BFE15B96B7A5C9905343074E /* ChatMessagePersistenceTests.swift */; };
		45FF95442A490BD6EFECCA86 /* GoalDigest.swift in Sources */ = {isa = PBXBuildFile; fileRef = 14428110B9571438B8D0F0E3 /* GoalDigest.swift */; };
		49E6A8005E71885F29B8AFBC /* AppIcon.icon in Resources */ = {isa = PBXBuildFile; fileRef = 342547D9878008FA7FBE3445 /* AppIcon.icon */; };
		4A6053BD95ABFC2907BCE25F /* MarkdownTests.swift in Sources */ = {isa = PBXBuildFile; fileRef = 12AC1B3F6825BE1638747364 /* MarkdownTests.swift */; };
		4AA3AE9B2FF861B112ADE5F0 /* SessionRecallTests.swift in Sources */ = {isa = PBXBuildFile; fileRef = DAD82454FC96F2C7AC15E248 /* SessionRecallTests.swift */; };
		4B6CA9B13B62EABC2EBD7A8F /* AttachmentStore.swift in Sources */ = {isa = PBXBuildFile; fileRef = 5918BAA59B931A47C8543D26 /* AttachmentStore.swift */; };
		4C53EB7361B3909AB7460546 /* SessionRecallTrigger.swift in Sources */ = {isa = PBXBuildFile; fileRef = E610C08E26C52570D5D59A47 /* SessionRecallTrigger.swift */; };
		4E3F7BDEBDFFD5C7CB4B20CD /* MedicationTests.swift in Sources */ = {isa = PBXBuildFile; fileRef = 3585F73377C598DEE5FAF2AF /* MedicationTests.swift */; };
		4F0AAEB94011E0F0C7FA922F /* DocumentScannerView.swift in Sources */ = {isa = PBXBuildFile; fileRef = D7129BDB67EE77B0B2DCFA8F /* DocumentScannerView.swift */; };
		4F54899E59695505C50AAF4D /* VanaShortcuts.swift in Sources */ = {isa = PBXBuildFile; fileRef = B1892679BF7332AD22437EF0 /* VanaShortcuts.swift */; };
		55259C2D0C90731A31C15C0B /* TenantOpening.swift in Sources */ = {isa = PBXBuildFile; fileRef = B88ADECCCCCE391EBBC9AA2E /* TenantOpening.swift */; };
		55409E4AE2A5ED0F55E11719 /* AskUserTools.swift in Sources */ = {isa = PBXBuildFile; fileRef = 533FFAC630761815975BD385 /* AskUserTools.swift */; };
		57E0A0A9A177F6B8BF7366C3 /* HealthReport.swift in Sources */ = {isa = PBXBuildFile; fileRef = 73490F6A80560B9A2E3BF573 /* HealthReport.swift */; };
		580D940C6FD7428688DA2F0B /* WebSearchTools.swift in Sources */ = {isa = PBXBuildFile; fileRef = FCA0027B6609B861721F6BC7 /* WebSearchTools.swift */; };
		58B7DC5BF818E188B55D6DEE /* LocationTests.swift in Sources */ = {isa = PBXBuildFile; fileRef = 6E05D6C2AB896365212111E5 /* LocationTests.swift */; };
		5A8E14B8D4CE94201F1D49F2 /* AgentRuntime in Frameworks */ = {isa = PBXBuildFile; productRef = 0A45762E47C5E6B236EB6053 /* AgentRuntime */; };
		5BE661DAD8951E551F4ABCE5 /* MemoryStore.swift in Sources */ = {isa = PBXBuildFile; fileRef = 2BC118BF1E41BBC6CC14971C /* MemoryStore.swift */; };
		5C28063F82AADBAC8FCEDDEE /* ChatMessage.swift in Sources */ = {isa = PBXBuildFile; fileRef = 1F93D5AB337EF321F53CCE7D /* ChatMessage.swift */; };
		5D2086F9435DA592C4573A19 /* ComposerBar.swift in Sources */ = {isa = PBXBuildFile; fileRef = 953E23DAE622819B64A73022 /* ComposerBar.swift */; };
		61710FCB64153415EE2C514D /* AgentRuntime in Frameworks */ = {isa = PBXBuildFile; productRef = FE697F0031546643A20E7E55 /* AgentRuntime */; };
		63110BA63AF33BEF2EBAA497 /* SessionTimeSectionTests.swift in Sources */ = {isa = PBXBuildFile; fileRef = B60B19FB617757EFC5A99C9E /* SessionTimeSectionTests.swift */; };
		63A90A11E5E8FEC5B0A8AABB /* WebSearchTests.swift in Sources */ = {isa = PBXBuildFile; fileRef = 0B9D40E54C5918AC9FB47F38 /* WebSearchTests.swift */; };
		646560E2B10478A997B82569 /* MedicationListView.swift in Sources */ = {isa = PBXBuildFile; fileRef = 356834B363E6D4A4347E078D /* MedicationListView.swift */; };
		654F24C30B88FE934B878BB2 /* LocationSnapshot.swift in Sources */ = {isa = PBXBuildFile; fileRef = 91C7E54E90C186802F4FE209 /* LocationSnapshot.swift */; };
		658C5670EA911375CD55DE06 /* DerivedTurn.swift in Sources */ = {isa = PBXBuildFile; fileRef = 310E465F34F141EB3BE5B9C0 /* DerivedTurn.swift */; };
		65EBBF347CB1B92A0E0DA5AE /* SpokenBriefTests.swift in Sources */ = {isa = PBXBuildFile; fileRef = D704B9357A509D46D42E9709 /* SpokenBriefTests.swift */; };
		66475B1B44CC8C8205B4D6AE /* SessionThreadTests.swift in Sources */ = {isa = PBXBuildFile; fileRef = EC14AB734D7CF26266564DBC /* SessionThreadTests.swift */; };
		70C3960DC728AF9F3D7E1658 /* DocumentImportTests.swift in Sources */ = {isa = PBXBuildFile; fileRef = 490D6022365696613E0E160B /* DocumentImportTests.swift */; };
		714E1B60AA93E8D539110E8B /* PrivacyPolicyView.swift in Sources */ = {isa = PBXBuildFile; fileRef = 1134D344AFA55B871BBFBD62 /* PrivacyPolicyView.swift */; };
		73670274E89078992A19CE26 /* DraftAttachment.swift in Sources */ = {isa = PBXBuildFile; fileRef = 8E56B4D93BE62BE7F1DF482D /* DraftAttachment.swift */; };
		75123A816BF0E6040112EE34 /* BackgroundModelWorkTests.swift in Sources */ = {isa = PBXBuildFile; fileRef = 6C79189BBB7066C213D300AF /* BackgroundModelWorkTests.swift */; };
		7646C44E581A30F28CA2C98A /* TenantScope.swift in Sources */ = {isa = PBXBuildFile; fileRef = 11E2077F44B349F72A9A583B /* TenantScope.swift */; };
		77F66688041E64881D5B7EEF /* SessionListView.swift in Sources */ = {isa = PBXBuildFile; fileRef = D3EA5435E4040695ACB0A74B /* SessionListView.swift */; };
		7839689D42E2C2728E83AA03 /* ChatViewModel.swift in Sources */ = {isa = PBXBuildFile; fileRef = 72475A88DE4F0DDDF7275FD3 /* ChatViewModel.swift */; };
		792E9EE32CC6707B5320921A /* FollowUpSuggestionHook.swift in Sources */ = {isa = PBXBuildFile; fileRef = E9DB2613BC060C6B4EB2914C /* FollowUpSuggestionHook.swift */; };
		7AC8AD3AB55E0947CEF031F0 /* MedicationBriefer.swift in Sources */ = {isa = PBXBuildFile; fileRef = 6FC4F7FBF0D65039BC8A9D37 /* MedicationBriefer.swift */; };
		7B1DB8099BE5FB310FAC811B /* FollowUpSuggester.swift in Sources */ = {isa = PBXBuildFile; fileRef = 2D695F50AEE0356B04ADDAE6 /* FollowUpSuggester.swift */; };
		7D2DFE3A66E7D573A56F3A71 /* Exercises.xcassets in Resources */ = {isa = PBXBuildFile; fileRef = ABCFE5610B026989CA6FAB63 /* Exercises.xcassets */; };
		8148C91C635C24FF44135F64 /* VoiceTests.swift in Sources */ = {isa = PBXBuildFile; fileRef = F0593FC73EC6B02933D2B8B8 /* VoiceTests.swift */; };
		81578108C156D925C81F16E5 /* exercises.json in Resources */ = {isa = PBXBuildFile; fileRef = EAB10040609C44E0B1F464E2 /* exercises.json */; };
		82B1FA60F7E159439BA0585C /* MarkdownBlocks.swift in Sources */ = {isa = PBXBuildFile; fileRef = 5894426AFC5013EDB47E5E0D /* MarkdownBlocks.swift */; };
		83D5C10AD650E148183493BA /* SessionThread.swift in Sources */ = {isa = PBXBuildFile; fileRef = 4FC1089E95803546C1E9E043 /* SessionThread.swift */; };
		8726B8F27396FACF0F71ED44 /* AIKit in Frameworks */ = {isa = PBXBuildFile; productRef = 10AD1DA4C2AB6A5E98DD8996 /* AIKit */; };
		883F305FADDD56E2083D5673 /* AttachmentIntake.swift in Sources */ = {isa = PBXBuildFile; fileRef = EBEA83113F2D2720AA7CF5E4 /* AttachmentIntake.swift */; };
		8978A6AB2759B24CE035DFE8 /* PrivacyPolicy.html in Resources */ = {isa = PBXBuildFile; fileRef = 585014FEF7E152F2B6296439 /* PrivacyPolicy.html */; };
		89FC0556B9B998D9A32DFC83 /* SessionRecallTools.swift in Sources */ = {isa = PBXBuildFile; fileRef = 55294A1A06EA89CF4FB93B1E /* SessionRecallTools.swift */; };
		8DFB52ABF07AD9E07C9395D6 /* MedicationEditView.swift in Sources */ = {isa = PBXBuildFile; fileRef = 13D50C2E16ED93D22BEC27C4 /* MedicationEditView.swift */; };
		935519603C0E13B5A17B333F /* HealthStore.swift in Sources */ = {isa = PBXBuildFile; fileRef = 99FB47FBAC6D5DD791DBE341 /* HealthStore.swift */; };
		942E13E0D0422BB4A7359275 /* RecognizedTextLayout.swift in Sources */ = {isa = PBXBuildFile; fileRef = 2048EA67B2399788A587F113 /* RecognizedTextLayout.swift */; };
		950C87E0AA3A6DB3B75F82B0 /* QuestionSuggester.swift in Sources */ = {isa = PBXBuildFile; fileRef = 8428C9546ADF171E7350A3B1 /* QuestionSuggester.swift */; };
		95D28A74F6326A87C8B49A21 /* AgentRuntimeBridge.swift in Sources */ = {isa = PBXBuildFile; fileRef = A652BD4E051861856B61EA59 /* AgentRuntimeBridge.swift */; };
		9C1A611AE662B1BD55C46B65 /* VoiceInputViews.swift in Sources */ = {isa = PBXBuildFile; fileRef = E65734B2976793968B39E2B3 /* VoiceInputViews.swift */; };
		9C28DC58955726B8CAA27C0F /* ChatLoopHarness.swift in Sources */ = {isa = PBXBuildFile; fileRef = C0EAE3425B7C10A8DAAC0F3D /* ChatLoopHarness.swift */; };
		9D539A3360F66E802176FB76 /* DebugSeeder.swift in Sources */ = {isa = PBXBuildFile; fileRef = 6D7E12635C3DC0D5F69B0311 /* DebugSeeder.swift */; };
		9E99DB6119B3D9F194C8F9C8 /* ChatTopic.swift in Sources */ = {isa = PBXBuildFile; fileRef = F9FCC10525E1BE91F5812F60 /* ChatTopic.swift */; };
		9F484C820055AA8555930844 /* ChatAttachment.swift in Sources */ = {isa = PBXBuildFile; fileRef = 5F906901C0ECFED808D8148C /* ChatAttachment.swift */; };
		A2F07EEC782A930A7FA10018 /* PhotoImagePolicy.swift in Sources */ = {isa = PBXBuildFile; fileRef = 07FE4841C695C6D89EDE987A /* PhotoImagePolicy.swift */; };
		A308D642F92BE6D410101293 /* MedicationItem.swift in Sources */ = {isa = PBXBuildFile; fileRef = 66F25A7BC9AED8D7930AD694 /* MedicationItem.swift */; };
		A437AEE55596CD80E1CE043A /* TenantTests.swift in Sources */ = {isa = PBXBuildFile; fileRef = C2046AC08A253ECF0CB6CBCD /* TenantTests.swift */; };
		A8BD34C03F9B28EFD118D4E2 /* HealthTools.swift in Sources */ = {isa = PBXBuildFile; fileRef = 7E650374FC8103EB913304E2 /* HealthTools.swift */; };
		AAA270923300BB2494FAE116 /* VanaLaunchRouter.swift in Sources */ = {isa = PBXBuildFile; fileRef = 81027F1C343864BD068598A3 /* VanaLaunchRouter.swift */; };
		B0E4D16660ABB8045B558A04 /* AttachmentImporter.swift in Sources */ = {isa = PBXBuildFile; fileRef = 04960C14CFC19B595E93391C /* AttachmentImporter.swift */; };
		B2245B0B777D65F73789F6DE /* MemoryItem.swift in Sources */ = {isa = PBXBuildFile; fileRef = EFA71281E40CE8E14E10ADD9 /* MemoryItem.swift */; };
		B29A843DF2EDBEA9E04A3AD3 /* HealthVitals.swift in Sources */ = {isa = PBXBuildFile; fileRef = 0E6F0D20F7DB19CD9F1E975A /* HealthVitals.swift */; };
		B3AD353A5ACFB2DE07255DFF /* VoiceVocabulary.swift in Sources */ = {isa = PBXBuildFile; fileRef = DB4F973E8663C8314E185A27 /* VoiceVocabulary.swift */; };
		B57EBDA001649FCF3568C025 /* SessionIndexEntry.swift in Sources */ = {isa = PBXBuildFile; fileRef = E67FD6D4286027EF2802153E /* SessionIndexEntry.swift */; };
		B595BEB93CBBFFEB0B6F6F49 /* MemoryView.swift in Sources */ = {isa = PBXBuildFile; fileRef = 2C057D58E7689C9D354C3DA4 /* MemoryView.swift */; };
		BD39D3F464A5B611E3FE3441 /* ModelCapabilityTags.swift in Sources */ = {isa = PBXBuildFile; fileRef = 4861F7F210C551D3C1F6A882 /* ModelCapabilityTags.swift */; };
		BEBBBD6A6779CA0402ABCAE9 /* AttachmentViews.swift in Sources */ = {isa = PBXBuildFile; fileRef = EFDC911B83D864FA864110D3 /* AttachmentViews.swift */; };
		C01C3911E3D20BB7D30FD59B /* HealthAssistantInstructions.swift in Sources */ = {isa = PBXBuildFile; fileRef = E69E7DE6F21A0E9160A0F628 /* HealthAssistantInstructions.swift */; };
		C2C3B4553544E3A79EF770AB /* ChatView.swift in Sources */ = {isa = PBXBuildFile; fileRef = 4831856EE2EC904362E41D29 /* ChatView.swift */; };
		C361FA106076E33DD4DE3584 /* AIKitEngine.swift in Sources */ = {isa = PBXBuildFile; fileRef = 675AAA08C439AACDF220D3AA /* AIKitEngine.swift */; };
		C4C25FAFEAA316D97BAAACCA /* ChatSession.swift in Sources */ = {isa = PBXBuildFile; fileRef = 6A8FEB8CD9D07CDFAAB8B872 /* ChatSession.swift */; };
		C7D11BD32D93849AAD689205 /* MarkdownTextView.swift in Sources */ = {isa = PBXBuildFile; fileRef = CB4C9DBF666414696292E383 /* MarkdownTextView.swift */; };
		C8FBB505DC3561AB083D4366 /* ChatChip.swift in Sources */ = {isa = PBXBuildFile; fileRef = 50BDC598CA7DE688394401E6 /* ChatChip.swift */; };
		CADEEEF20A7BB85326985027 /* MedicationStore.swift in Sources */ = {isa = PBXBuildFile; fileRef = 32A3FC7DCF8FADA382875A24 /* MedicationStore.swift */; };
		CB944C607BBA739BF99BF29E /* SuggestedQuestions.swift in Sources */ = {isa = PBXBuildFile; fileRef = 26CDAE4F1497DFF33B197F69 /* SuggestedQuestions.swift */; };
		D1F5537987AA15FABE522F4E /* ExerciseTests.swift in Sources */ = {isa = PBXBuildFile; fileRef = 444ACA09B57ED057F71E0BF9 /* ExerciseTests.swift */; };
		D27E946A7010E8603981265B /* MemoryTools.swift in Sources */ = {isa = PBXBuildFile; fileRef = 6F3AADB29A33FF2CFB84BB53 /* MemoryTools.swift */; };
		D6A8F296EFF0847C6231C566 /* ExerciseCards.swift in Sources */ = {isa = PBXBuildFile; fileRef = 8D50FD5CE01ED7B5741BAB81 /* ExerciseCards.swift */; };
		D810CBE12CF8E24795EE135B /* MedicationTools.swift in Sources */ = {isa = PBXBuildFile; fileRef = 3B7065E96752EA876118CEF6 /* MedicationTools.swift */; };
		D8520B47746FF1F7149DB262 /* VoiceDictation.swift in Sources */ = {isa = PBXBuildFile; fileRef = 50C2C6CDBB53D24AA7EED7CF /* VoiceDictation.swift */; };
		D9A39151438E8786EE6DEF08 /* SessionTimeSection.swift in Sources */ = {isa = PBXBuildFile; fileRef = 2CAA0A242570929B7DE30FDB /* SessionTimeSection.swift */; };
		DE4D9A4DDA668061CADA5FA1 /* WebSearchClient.swift in Sources */ = {isa = PBXBuildFile; fileRef = D6065033CB905D32BAE1868E /* WebSearchClient.swift */; };
		DF4068E17E3C7E38339A7D38 /* HealthSituation.swift in Sources */ = {isa = PBXBuildFile; fileRef = 0220BC12F370803EFB063960 /* HealthSituation.swift */; };
		E3189FCD6D0C465DD9A5B579 /* TenantPaths.swift in Sources */ = {isa = PBXBuildFile; fileRef = 68E27C2BC747D1FFA0660F0C /* TenantPaths.swift */; };
		E4831C1008F3C98CA6B93EF4 /* BackgroundModelWork.swift in Sources */ = {isa = PBXBuildFile; fileRef = 8AFC113F9D2634BF34DBFC08 /* BackgroundModelWork.swift */; };
		E52A23FEA5B123817D3CE3BA /* FollowUpRunner.swift in Sources */ = {isa = PBXBuildFile; fileRef = 7B907139114605C85293C613 /* FollowUpRunner.swift */; };
		E54A6DE96BBD25ADA358FBB4 /* MemoryTests.swift in Sources */ = {isa = PBXBuildFile; fileRef = 21B1A48756BC087E60F2BE7C /* MemoryTests.swift */; };
		E94ABD126DE32EFF05FAF16A /* CloudPickerViews.swift in Sources */ = {isa = PBXBuildFile; fileRef = 4A349106B1279DFA21FE15B3 /* CloudPickerViews.swift */; };
		EB00D410583D35396260B796 /* LocationProvider.swift in Sources */ = {isa = PBXBuildFile; fileRef = 4D0242EB57C5A3666EA14CE4 /* LocationProvider.swift */; };
		ECEBDE5986643A4BB738D124 /* HealthAnalysis.swift in Sources */ = {isa = PBXBuildFile; fileRef = 7E3D7B3F4958B0148BEDA3BA /* HealthAnalysis.swift */; };
		ECFE3B7AD428A30CA6C8AFC6 /* ExerciseTools.swift in Sources */ = {isa = PBXBuildFile; fileRef = FBFABFFF810A8B3BE2EF2473 /* ExerciseTools.swift */; };
		EEFAD75FEFCB3A484D8D6A2E /* AskUserCard.swift in Sources */ = {isa = PBXBuildFile; fileRef = B61368BD9EA5E3838A3C3EC2 /* AskUserCard.swift */; };
		F150B6AD6010C90206C339C3 /* GoalDigestTests.swift in Sources */ = {isa = PBXBuildFile; fileRef = 1653C12CE2F309041A7F16ED /* GoalDigestTests.swift */; };
		F34056B8EB5EC0526EF9B133 /* SessionRecallTranscript.swift in Sources */ = {isa = PBXBuildFile; fileRef = F81BCF8228474F3DEE9E463F /* SessionRecallTranscript.swift */; };
		F4D22C5AFBDCD322C85A4F3C /* DeveloperView.swift in Sources */ = {isa = PBXBuildFile; fileRef = 1EF9F6B571DA26C8632C30CB /* DeveloperView.swift */; };
		FD09DB1B1B53EFCFCF017B01 /* VanaIntents.swift in Sources */ = {isa = PBXBuildFile; fileRef = 6AE8AD9A1AAB5A59C3412793 /* VanaIntents.swift */; };
		FDFC3710084BB49D6D5A0EEE /* AgentEngine.swift in Sources */ = {isa = PBXBuildFile; fileRef = 2B0074F7C3BB04FAD54B8769 /* AgentEngine.swift */; };
		FE7A36AD42F9FFBDBBD1A905 /* TenantListView.swift in Sources */ = {isa = PBXBuildFile; fileRef = 85BDFC99D3F4F49548624A64 /* TenantListView.swift */; };
/* End PBXBuildFile section */

/* Begin PBXContainerItemProxy section */
		6BECC9D57A84D099AFDB61DD /* PBXContainerItemProxy */ = {
			isa = PBXContainerItemProxy;
			containerPortal = 3246CE8650E7B4E6AE443863 /* Project object */;
			proxyType = 1;
			remoteGlobalIDString = A4C1FC5C987576F7B19F3806;
			remoteInfo = HealthChat;
		};
/* End PBXContainerItemProxy section */

/* Begin PBXFileReference section */
		0220BC12F370803EFB063960 /* HealthSituation.swift */ = {isa = PBXFileReference; lastKnownFileType = sourcecode.swift; path = HealthSituation.swift; sourceTree = "<group>"; };
		032C3FAE4B63DB9E446F4DA1 /* AboutView.swift */ = {isa = PBXFileReference; lastKnownFileType = sourcecode.swift; path = AboutView.swift; sourceTree = "<group>"; };
		04960C14CFC19B595E93391C /* AttachmentImporter.swift */ = {isa = PBXFileReference; lastKnownFileType = sourcecode.swift; path = AttachmentImporter.swift; sourceTree = "<group>"; };
		07FE4841C695C6D89EDE987A /* PhotoImagePolicy.swift */ = {isa = PBXFileReference; lastKnownFileType = sourcecode.swift; path = PhotoImagePolicy.swift; sourceTree = "<group>"; };
		09B9AE29C0CB2B6771CCB916 /* ContextBudgetPerformanceTests.swift */ = {isa = PBXFileReference; lastKnownFileType = sourcecode.swift; path = ContextBudgetPerformanceTests.swift; sourceTree = "<group>"; };
		0B9D40E54C5918AC9FB47F38 /* WebSearchTests.swift */ = {isa = PBXFileReference; lastKnownFileType = sourcecode.swift; path = WebSearchTests.swift; sourceTree = "<group>"; };
		0E6F0D20F7DB19CD9F1E975A /* HealthVitals.swift */ = {isa = PBXFileReference; lastKnownFileType = sourcecode.swift; path = HealthVitals.swift; sourceTree = "<group>"; };
		1134D344AFA55B871BBFBD62 /* PrivacyPolicyView.swift */ = {isa = PBXFileReference; lastKnownFileType = sourcecode.swift; path = PrivacyPolicyView.swift; sourceTree = "<group>"; };
		117EF60B1EA8D0FB9F745BC1 /* ZIPArchive.swift */ = {isa = PBXFileReference; lastKnownFileType = sourcecode.swift; path = ZIPArchive.swift; sourceTree = "<group>"; };
		11E2077F44B349F72A9A583B /* TenantScope.swift */ = {isa = PBXFileReference; lastKnownFileType = sourcecode.swift; path = TenantScope.swift; sourceTree = "<group>"; };
		12AC1B3F6825BE1638747364 /* MarkdownTests.swift */ = {isa = PBXFileReference; lastKnownFileType = sourcecode.swift; path = MarkdownTests.swift; sourceTree = "<group>"; };
		13D50C2E16ED93D22BEC27C4 /* MedicationEditView.swift */ = {isa = PBXFileReference; lastKnownFileType = sourcecode.swift; path = MedicationEditView.swift; sourceTree = "<group>"; };
		141724EAF8C36AA56193BD64 /* AskUserTests.swift */ = {isa = PBXFileReference; lastKnownFileType = sourcecode.swift; path = AskUserTests.swift; sourceTree = "<group>"; };
		14428110B9571438B8D0F0E3 /* GoalDigest.swift */ = {isa = PBXFileReference; lastKnownFileType = sourcecode.swift; path = GoalDigest.swift; sourceTree = "<group>"; };
		1653C12CE2F309041A7F16ED /* GoalDigestTests.swift */ = {isa = PBXFileReference; lastKnownFileType = sourcecode.swift; path = GoalDigestTests.swift; sourceTree = "<group>"; };
		1EF9F6B571DA26C8632C30CB /* DeveloperView.swift */ = {isa = PBXFileReference; lastKnownFileType = sourcecode.swift; path = DeveloperView.swift; sourceTree = "<group>"; };
		1F93D5AB337EF321F53CCE7D /* ChatMessage.swift */ = {isa = PBXFileReference; lastKnownFileType = sourcecode.swift; path = ChatMessage.swift; sourceTree = "<group>"; };
		2048EA67B2399788A587F113 /* RecognizedTextLayout.swift */ = {isa = PBXFileReference; lastKnownFileType = sourcecode.swift; path = RecognizedTextLayout.swift; sourceTree = "<group>"; };
		21B1A48756BC087E60F2BE7C /* MemoryTests.swift */ = {isa = PBXFileReference; lastKnownFileType = sourcecode.swift; path = MemoryTests.swift; sourceTree = "<group>"; };
		240748FF19F50787C5D02C81 /* aikitswift */ = {isa = PBXFileReference; lastKnownFileType = folder; name = aikitswift; path = ../aikitswift; sourceTree = SOURCE_ROOT; };
		26CDAE4F1497DFF33B197F69 /* SuggestedQuestions.swift */ = {isa = PBXFileReference; lastKnownFileType = sourcecode.swift; path = SuggestedQuestions.swift; sourceTree = "<group>"; };
		2764D5648660091F407CFE7A /* HealthChat.app */ = {isa = PBXFileReference; includeInIndex = 0; lastKnownFileType = wrapper.application; path = HealthChat.app; sourceTree = BUILT_PRODUCTS_DIR; };
		279C3404FCD87BA49F2C6B8D /* HealthStatusView.swift */ = {isa = PBXFileReference; lastKnownFileType = sourcecode.swift; path = HealthStatusView.swift; sourceTree = "<group>"; };
		2B0074F7C3BB04FAD54B8769 /* AgentEngine.swift */ = {isa = PBXFileReference; lastKnownFileType = sourcecode.swift; path = AgentEngine.swift; sourceTree = "<group>"; };
		2BC118BF1E41BBC6CC14971C /* MemoryStore.swift */ = {isa = PBXFileReference; lastKnownFileType = sourcecode.swift; path = MemoryStore.swift; sourceTree = "<group>"; };
		2C057D58E7689C9D354C3DA4 /* MemoryView.swift */ = {isa = PBXFileReference; lastKnownFileType = sourcecode.swift; path = MemoryView.swift; sourceTree = "<group>"; };
		2CAA0A242570929B7DE30FDB /* SessionTimeSection.swift */ = {isa = PBXFileReference; lastKnownFileType = sourcecode.swift; path = SessionTimeSection.swift; sourceTree = "<group>"; };
		2D129AA9A283B99C2A6CC2A5 /* TenantContext.swift */ = {isa = PBXFileReference; lastKnownFileType = sourcecode.swift; path = TenantContext.swift; sourceTree = "<group>"; };
		2D695F50AEE0356B04ADDAE6 /* FollowUpSuggester.swift */ = {isa = PBXFileReference; lastKnownFileType = sourcecode.swift; path = FollowUpSuggester.swift; sourceTree = "<group>"; };
		2DF8015F31C712FAB75EA280 /* InterestProfile.swift */ = {isa = PBXFileReference; lastKnownFileType = sourcecode.swift; path = InterestProfile.swift; sourceTree = "<group>"; };
		310E465F34F141EB3BE5B9C0 /* DerivedTurn.swift */ = {isa = PBXFileReference; lastKnownFileType = sourcecode.swift; path = DerivedTurn.swift; sourceTree = "<group>"; };
		32A3FC7DCF8FADA382875A24 /* MedicationStore.swift */ = {isa = PBXFileReference; lastKnownFileType = sourcecode.swift; path = MedicationStore.swift; sourceTree = "<group>"; };
		3350455ECC5D9FA4CE1FE326 /* ExerciseLibrary.swift */ = {isa = PBXFileReference; lastKnownFileType = sourcecode.swift; path = ExerciseLibrary.swift; sourceTree = "<group>"; };
		342547D9878008FA7FBE3445 /* AppIcon.icon */ = {isa = PBXFileReference; lastKnownFileType = wrapper.icon; path = AppIcon.icon; sourceTree = "<group>"; };
		356834B363E6D4A4347E078D /* MedicationListView.swift */ = {isa = PBXFileReference; lastKnownFileType = sourcecode.swift; path = MedicationListView.swift; sourceTree = "<group>"; };
		3585F73377C598DEE5FAF2AF /* MedicationTests.swift */ = {isa = PBXFileReference; lastKnownFileType = sourcecode.swift; path = MedicationTests.swift; sourceTree = "<group>"; };
		3605F6F823756E8E2D3977A4 /* ChatLoopTests.swift */ = {isa = PBXFileReference; lastKnownFileType = sourcecode.swift; path = ChatLoopTests.swift; sourceTree = "<group>"; };
		3A96DFA89142899891C5040A /* HealthChatApp.swift */ = {isa = PBXFileReference; lastKnownFileType = sourcecode.swift; path = HealthChatApp.swift; sourceTree = "<group>"; };
		3B7065E96752EA876118CEF6 /* MedicationTools.swift */ = {isa = PBXFileReference; lastKnownFileType = sourcecode.swift; path = MedicationTools.swift; sourceTree = "<group>"; };
		444ACA09B57ED057F71E0BF9 /* ExerciseTests.swift */ = {isa = PBXFileReference; lastKnownFileType = sourcecode.swift; path = ExerciseTests.swift; sourceTree = "<group>"; };
		4831856EE2EC904362E41D29 /* ChatView.swift */ = {isa = PBXFileReference; lastKnownFileType = sourcecode.swift; path = ChatView.swift; sourceTree = "<group>"; };
		4861F7F210C551D3C1F6A882 /* ModelCapabilityTags.swift */ = {isa = PBXFileReference; lastKnownFileType = sourcecode.swift; path = ModelCapabilityTags.swift; sourceTree = "<group>"; };
		488A7E75212DFCF7E9B4D57A /* EngineSettings.swift */ = {isa = PBXFileReference; lastKnownFileType = sourcecode.swift; path = EngineSettings.swift; sourceTree = "<group>"; };
		490D6022365696613E0E160B /* DocumentImportTests.swift */ = {isa = PBXFileReference; lastKnownFileType = sourcecode.swift; path = DocumentImportTests.swift; sourceTree = "<group>"; };
		4A349106B1279DFA21FE15B3 /* CloudPickerViews.swift */ = {isa = PBXFileReference; lastKnownFileType = sourcecode.swift; path = CloudPickerViews.swift; sourceTree = "<group>"; };
		4C878F29BF7FCC84C489DC64 /* ComplianceTests.swift */ = {isa = PBXFileReference; lastKnownFileType = sourcecode.swift; path = ComplianceTests.swift; sourceTree = "<group>"; };
		4D0242EB57C5A3666EA14CE4 /* LocationProvider.swift */ = {isa = PBXFileReference; lastKnownFileType = sourcecode.swift; path = LocationProvider.swift; sourceTree = "<group>"; };
		4FC1089E95803546C1E9E043 /* SessionThread.swift */ = {isa = PBXFileReference; lastKnownFileType = sourcecode.swift; path = SessionThread.swift; sourceTree = "<group>"; };
		50BDC598CA7DE688394401E6 /* ChatChip.swift */ = {isa = PBXFileReference; lastKnownFileType = sourcecode.swift; path = ChatChip.swift; sourceTree = "<group>"; };
		50C2C6CDBB53D24AA7EED7CF /* VoiceDictation.swift */ = {isa = PBXFileReference; lastKnownFileType = sourcecode.swift; path = VoiceDictation.swift; sourceTree = "<group>"; };
		533FFAC630761815975BD385 /* AskUserTools.swift */ = {isa = PBXFileReference; lastKnownFileType = sourcecode.swift; path = AskUserTools.swift; sourceTree = "<group>"; };
		55294A1A06EA89CF4FB93B1E /* SessionRecallTools.swift */ = {isa = PBXFileReference; lastKnownFileType = sourcecode.swift; path = SessionRecallTools.swift; sourceTree = "<group>"; };
		585014FEF7E152F2B6296439 /* PrivacyPolicy.html */ = {isa = PBXFileReference; lastKnownFileType = text.html; path = PrivacyPolicy.html; sourceTree = "<group>"; };
		5894426AFC5013EDB47E5E0D /* MarkdownBlocks.swift */ = {isa = PBXFileReference; lastKnownFileType = sourcecode.swift; path = MarkdownBlocks.swift; sourceTree = "<group>"; };
		5918BAA59B931A47C8543D26 /* AttachmentStore.swift */ = {isa = PBXFileReference; lastKnownFileType = sourcecode.swift; path = AttachmentStore.swift; sourceTree = "<group>"; };
		5DB3683AE0019A420ED052C6 /* BackgroundDigest.swift */ = {isa = PBXFileReference; lastKnownFileType = sourcecode.swift; path = BackgroundDigest.swift; sourceTree = "<group>"; };
		5DF5720A8DD2FEF3DF8EACCE /* AgentRuntime */ = {isa = PBXFileReference; lastKnownFileType = folder; name = AgentRuntime; path = AgentRuntime; sourceTree = SOURCE_ROOT; };
		5EBCEF74D9E62D8A490F0CFB /* SettingsView.swift */ = {isa = PBXFileReference; lastKnownFileType = sourcecode.swift; path = SettingsView.swift; sourceTree = "<group>"; };
		5F906901C0ECFED808D8148C /* ChatAttachment.swift */ = {isa = PBXFileReference; lastKnownFileType = sourcecode.swift; path = ChatAttachment.swift; sourceTree = "<group>"; };
		643BC62340C02F55E9FF4C40 /* Tenant.swift */ = {isa = PBXFileReference; lastKnownFileType = sourcecode.swift; path = Tenant.swift; sourceTree = "<group>"; };
		66F25A7BC9AED8D7930AD694 /* MedicationItem.swift */ = {isa = PBXFileReference; lastKnownFileType = sourcecode.swift; path = MedicationItem.swift; sourceTree = "<group>"; };
		675AAA08C439AACDF220D3AA /* AIKitEngine.swift */ = {isa = PBXFileReference; lastKnownFileType = sourcecode.swift; path = AIKitEngine.swift; sourceTree = "<group>"; };
		68E27C2BC747D1FFA0660F0C /* TenantPaths.swift */ = {isa = PBXFileReference; lastKnownFileType = sourcecode.swift; path = TenantPaths.swift; sourceTree = "<group>"; };
		693B0422A40F1D865403F63B /* KeychainStore.swift */ = {isa = PBXFileReference; lastKnownFileType = sourcecode.swift; path = KeychainStore.swift; sourceTree = "<group>"; };
		6A8FEB8CD9D07CDFAAB8B872 /* ChatSession.swift */ = {isa = PBXFileReference; lastKnownFileType = sourcecode.swift; path = ChatSession.swift; sourceTree = "<group>"; };
		6AE8AD9A1AAB5A59C3412793 /* VanaIntents.swift */ = {isa = PBXFileReference; lastKnownFileType = sourcecode.swift; path = VanaIntents.swift; sourceTree = "<group>"; };
		6C79189BBB7066C213D300AF /* BackgroundModelWorkTests.swift */ = {isa = PBXFileReference; lastKnownFileType = sourcecode.swift; path = BackgroundModelWorkTests.swift; sourceTree = "<group>"; };
		6D7E12635C3DC0D5F69B0311 /* DebugSeeder.swift */ = {isa = PBXFileReference; lastKnownFileType = sourcecode.swift; path = DebugSeeder.swift; sourceTree = "<group>"; };
		6E05D6C2AB896365212111E5 /* LocationTests.swift */ = {isa = PBXFileReference; lastKnownFileType = sourcecode.swift; path = LocationTests.swift; sourceTree = "<group>"; };
		6E5E0AD2C6F723BCFD6DC6C9 /* TenantStore.swift */ = {isa = PBXFileReference; lastKnownFileType = sourcecode.swift; path = TenantStore.swift; sourceTree = "<group>"; };
		6F3AADB29A33FF2CFB84BB53 /* MemoryTools.swift */ = {isa = PBXFileReference; lastKnownFileType = sourcecode.swift; path = MemoryTools.swift; sourceTree = "<group>"; };
		6FC4F7FBF0D65039BC8A9D37 /* MedicationBriefer.swift */ = {isa = PBXFileReference; lastKnownFileType = sourcecode.swift; path = MedicationBriefer.swift; sourceTree = "<group>"; };
		6FD4090E9C4821B6650D46B5 /* MedicationDetailView.swift */ = {isa = PBXFileReference; lastKnownFileType = sourcecode.swift; path = MedicationDetailView.swift; sourceTree = "<group>"; };
		71DD0DA8E7A626878D4D2553 /* AssistantPersona.swift */ = {isa = PBXFileReference; lastKnownFileType = sourcecode.swift; path = AssistantPersona.swift; sourceTree = "<group>"; };
		72475A88DE4F0DDDF7275FD3 /* ChatViewModel.swift */ = {isa = PBXFileReference; lastKnownFileType = sourcecode.swift; path = ChatViewModel.swift; sourceTree = "<group>"; };
		73490F6A80560B9A2E3BF573 /* HealthReport.swift */ = {isa = PBXFileReference; lastKnownFileType = sourcecode.swift; path = HealthReport.swift; sourceTree = "<group>"; };
		74A0FD867EB71F5150F4C579 /* QueuedMessageTests.swift */ = {isa = PBXFileReference; lastKnownFileType = sourcecode.swift; path = QueuedMessageTests.swift; sourceTree = "<group>"; };
		770138DD64152FE98D4490FF /* DocxText.swift */ = {isa = PBXFileReference; lastKnownFileType = sourcecode.swift; path = DocxText.swift; sourceTree = "<group>"; };
		7B907139114605C85293C613 /* FollowUpRunner.swift */ = {isa = PBXFileReference; lastKnownFileType = sourcecode.swift; path = FollowUpRunner.swift; sourceTree = "<group>"; };
		7DB5AA6E4DE38DD40FA7742A /* Info.plist */ = {isa = PBXFileReference; lastKnownFileType = text.plist; path = Info.plist; sourceTree = "<group>"; };
		7E3D7B3F4958B0148BEDA3BA /* HealthAnalysis.swift */ = {isa = PBXFileReference; lastKnownFileType = sourcecode.swift; path = HealthAnalysis.swift; sourceTree = "<group>"; };
		7E650374FC8103EB913304E2 /* HealthTools.swift */ = {isa = PBXFileReference; lastKnownFileType = sourcecode.swift; path = HealthTools.swift; sourceTree = "<group>"; };
		7F86DB50065C30617D4EC449 /* HealthChat.entitlements */ = {isa = PBXFileReference; lastKnownFileType = text.plist.entitlements; path = HealthChat.entitlements; sourceTree = "<group>"; };
		81027F1C343864BD068598A3 /* VanaLaunchRouter.swift */ = {isa = PBXFileReference; lastKnownFileType = sourcecode.swift; path = VanaLaunchRouter.swift; sourceTree = "<group>"; };
		8235E3262E6138D6D1ED0544 /* SessionRecall.swift */ = {isa = PBXFileReference; lastKnownFileType = sourcecode.swift; path = SessionRecall.swift; sourceTree = "<group>"; };
		8428C9546ADF171E7350A3B1 /* QuestionSuggester.swift */ = {isa = PBXFileReference; lastKnownFileType = sourcecode.swift; path = QuestionSuggester.swift; sourceTree = "<group>"; };
		85BDFC99D3F4F49548624A64 /* TenantListView.swift */ = {isa = PBXFileReference; lastKnownFileType = sourcecode.swift; path = TenantListView.swift; sourceTree = "<group>"; };
		8AFC113F9D2634BF34DBFC08 /* BackgroundModelWork.swift */ = {isa = PBXFileReference; lastKnownFileType = sourcecode.swift; path = BackgroundModelWork.swift; sourceTree = "<group>"; };
		8D50FD5CE01ED7B5741BAB81 /* ExerciseCards.swift */ = {isa = PBXFileReference; lastKnownFileType = sourcecode.swift; path = ExerciseCards.swift; sourceTree = "<group>"; };
		8E08AA2D3AA1ECB3ED52B1F8 /* SessionStorePerformanceTests.swift */ = {isa = PBXFileReference; lastKnownFileType = sourcecode.swift; path = SessionStorePerformanceTests.swift; sourceTree = "<group>"; };
		8E56B4D93BE62BE7F1DF482D /* DraftAttachment.swift */ = {isa = PBXFileReference; lastKnownFileType = sourcecode.swift; path = DraftAttachment.swift; sourceTree = "<group>"; };
		91C7E54E90C186802F4FE209 /* LocationSnapshot.swift */ = {isa = PBXFileReference; lastKnownFileType = sourcecode.swift; path = LocationSnapshot.swift; sourceTree = "<group>"; };
		953E23DAE622819B64A73022 /* ComposerBar.swift */ = {isa = PBXFileReference; lastKnownFileType = sourcecode.swift; path = ComposerBar.swift; sourceTree = "<group>"; };
		97B44AA82061830ACBB2F260 /* QuickSummaryWriter.swift */ = {isa = PBXFileReference; lastKnownFileType = sourcecode.swift; path = QuickSummaryWriter.swift; sourceTree = "<group>"; };
		98FA7092CC07CC4F43676FDB /* ToolResultPanel.swift */ = {isa = PBXFileReference; lastKnownFileType = sourcecode.swift; path = ToolResultPanel.swift; sourceTree = "<group>"; };
		99342B97067E454CEA41A74C /* CloudCatalog.swift */ = {isa = PBXFileReference; lastKnownFileType = sourcecode.swift; path = CloudCatalog.swift; sourceTree = "<group>"; };
		99FB47FBAC6D5DD791DBE341 /* HealthStore.swift */ = {isa = PBXFileReference; lastKnownFileType = sourcecode.swift; path = HealthStore.swift; sourceTree = "<group>"; };
		A387ACB7AEE3013339A09C54 /* FollowUpRunnerTests.swift */ = {isa = PBXFileReference; lastKnownFileType = sourcecode.swift; path = FollowUpRunnerTests.swift; sourceTree = "<group>"; };
		A652BD4E051861856B61EA59 /* AgentRuntimeBridge.swift */ = {isa = PBXFileReference; lastKnownFileType = sourcecode.swift; path = AgentRuntimeBridge.swift; sourceTree = "<group>"; };
		AA8A61FE1FF0031E88849349 /* TextRecognizer.swift */ = {isa = PBXFileReference; lastKnownFileType = sourcecode.swift; path = TextRecognizer.swift; sourceTree = "<group>"; };
		ABCFE5610B026989CA6FAB63 /* Exercises.xcassets */ = {isa = PBXFileReference; lastKnownFileType = folder.assetcatalog; path = Exercises.xcassets; sourceTree = "<group>"; };
		B1816650C836AAE200940329 /* HealthChatTests.xctest */ = {isa = PBXFileReference; includeInIndex = 0; lastKnownFileType = wrapper.cfbundle; path = HealthChatTests.xctest; sourceTree = BUILT_PRODUCTS_DIR; };
		B1892679BF7332AD22437EF0 /* VanaShortcuts.swift */ = {isa = PBXFileReference; lastKnownFileType = sourcecode.swift; path = VanaShortcuts.swift; sourceTree = "<group>"; };
		B60B19FB617757EFC5A99C9E /* SessionTimeSectionTests.swift */ = {isa = PBXFileReference; lastKnownFileType = sourcecode.swift; path = SessionTimeSectionTests.swift; sourceTree = "<group>"; };
		B61368BD9EA5E3838A3C3EC2 /* AskUserCard.swift */ = {isa = PBXFileReference; lastKnownFileType = sourcecode.swift; path = AskUserCard.swift; sourceTree = "<group>"; };
		B88ADECCCCCE391EBBC9AA2E /* TenantOpening.swift */ = {isa = PBXFileReference; lastKnownFileType = sourcecode.swift; path = TenantOpening.swift; sourceTree = "<group>"; };
		BFE15B96B7A5C9905343074E /* ChatMessagePersistenceTests.swift */ = {isa = PBXFileReference; lastKnownFileType = sourcecode.swift; path = ChatMessagePersistenceTests.swift; sourceTree = "<group>"; };
		C0EAE3425B7C10A8DAAC0F3D /* ChatLoopHarness.swift */ = {isa = PBXFileReference; lastKnownFileType = sourcecode.swift; path = ChatLoopHarness.swift; sourceTree = "<group>"; };
		C2046AC08A253ECF0CB6CBCD /* TenantTests.swift */ = {isa = PBXFileReference; lastKnownFileType = sourcecode.swift; path = TenantTests.swift; sourceTree = "<group>"; };
		CB3C81EFA4F5819BA6BEA62B /* SessionStore.swift */ = {isa = PBXFileReference; lastKnownFileType = sourcecode.swift; path = SessionStore.swift; sourceTree = "<group>"; };
		CB4C9DBF666414696292E383 /* MarkdownTextView.swift */ = {isa = PBXFileReference; lastKnownFileType = sourcecode.swift; path = MarkdownTextView.swift; sourceTree = "<group>"; };
		D3EA5435E4040695ACB0A74B /* SessionListView.swift */ = {isa = PBXFileReference; lastKnownFileType = sourcecode.swift; path = SessionListView.swift; sourceTree = "<group>"; };
		D52816C083C5424DAA472CE4 /* AskUserQuestion.swift */ = {isa = PBXFileReference; lastKnownFileType = sourcecode.swift; path = AskUserQuestion.swift; sourceTree = "<group>"; };
		D52899627630A75079D60920 /* CheckInScheduler.swift */ = {isa = PBXFileReference; lastKnownFileType = sourcecode.swift; path = CheckInScheduler.swift; sourceTree = "<group>"; };
		D52A5195FED14006106C135D /* DataUseNotice.swift */ = {isa = PBXFileReference; lastKnownFileType = sourcecode.swift; path = DataUseNotice.swift; sourceTree = "<group>"; };
		D56F6839C5BEA2AEB3C0A420 /* QuickSummaryTests.swift */ = {isa = PBXFileReference; lastKnownFileType = sourcecode.swift; path = QuickSummaryTests.swift; sourceTree = "<group>"; };
		D6065033CB905D32BAE1868E /* WebSearchClient.swift */ = {isa = PBXFileReference; lastKnownFileType = sourcecode.swift; path = WebSearchClient.swift; sourceTree = "<group>"; };
		D704B9357A509D46D42E9709 /* SpokenBriefTests.swift */ = {isa = PBXFileReference; lastKnownFileType = sourcecode.swift; path = SpokenBriefTests.swift; sourceTree = "<group>"; };
		D7129BDB67EE77B0B2DCFA8F /* DocumentScannerView.swift */ = {isa = PBXFileReference; lastKnownFileType = sourcecode.swift; path = DocumentScannerView.swift; sourceTree = "<group>"; };
		DAD82454FC96F2C7AC15E248 /* SessionRecallTests.swift */ = {isa = PBXFileReference; lastKnownFileType = sourcecode.swift; path = SessionRecallTests.swift; sourceTree = "<group>"; };
		DB4F973E8663C8314E185A27 /* VoiceVocabulary.swift */ = {isa = PBXFileReference; lastKnownFileType = sourcecode.swift; path = VoiceVocabulary.swift; sourceTree = "<group>"; };
		E610C08E26C52570D5D59A47 /* SessionRecallTrigger.swift */ = {isa = PBXFileReference; lastKnownFileType = sourcecode.swift; path = SessionRecallTrigger.swift; sourceTree = "<group>"; };
		E65734B2976793968B39E2B3 /* VoiceInputViews.swift */ = {isa = PBXFileReference; lastKnownFileType = sourcecode.swift; path = VoiceInputViews.swift; sourceTree = "<group>"; };
		E67FD6D4286027EF2802153E /* SessionIndexEntry.swift */ = {isa = PBXFileReference; lastKnownFileType = sourcecode.swift; path = SessionIndexEntry.swift; sourceTree = "<group>"; };
		E69E7DE6F21A0E9160A0F628 /* HealthAssistantInstructions.swift */ = {isa = PBXFileReference; lastKnownFileType = sourcecode.swift; path = HealthAssistantInstructions.swift; sourceTree = "<group>"; };
		E9DB2613BC060C6B4EB2914C /* FollowUpSuggestionHook.swift */ = {isa = PBXFileReference; lastKnownFileType = sourcecode.swift; path = FollowUpSuggestionHook.swift; sourceTree = "<group>"; };
		EA83184F12D385AEF552BB6A /* MemoryExtractor.swift */ = {isa = PBXFileReference; lastKnownFileType = sourcecode.swift; path = MemoryExtractor.swift; sourceTree = "<group>"; };
		EAB10040609C44E0B1F464E2 /* exercises.json */ = {isa = PBXFileReference; lastKnownFileType = text.json; path = exercises.json; sourceTree = "<group>"; };
		EBEA83113F2D2720AA7CF5E4 /* AttachmentIntake.swift */ = {isa = PBXFileReference; lastKnownFileType = sourcecode.swift; path = AttachmentIntake.swift; sourceTree = "<group>"; };
		EC14AB734D7CF26266564DBC /* SessionThreadTests.swift */ = {isa = PBXFileReference; lastKnownFileType = sourcecode.swift; path = SessionThreadTests.swift; sourceTree = "<group>"; };
		ED248EC62741A14FCF72E632 /* SpokenBrief.swift */ = {isa = PBXFileReference; lastKnownFileType = sourcecode.swift; path = SpokenBrief.swift; sourceTree = "<group>"; };
		EFA71281E40CE8E14E10ADD9 /* MemoryItem.swift */ = {isa = PBXFileReference; lastKnownFileType = sourcecode.swift; path = MemoryItem.swift; sourceTree = "<group>"; };
		EFDC911B83D864FA864110D3 /* AttachmentViews.swift */ = {isa = PBXFileReference; lastKnownFileType = sourcecode.swift; path = AttachmentViews.swift; sourceTree = "<group>"; };
		F03F7AC05908A15A92A0495D /* VisionTests.swift */ = {isa = PBXFileReference; lastKnownFileType = sourcecode.swift; path = VisionTests.swift; sourceTree = "<group>"; };
		F0593FC73EC6B02933D2B8B8 /* VoiceTests.swift */ = {isa = PBXFileReference; lastKnownFileType = sourcecode.swift; path = VoiceTests.swift; sourceTree = "<group>"; };
		F4EF553374E5A74CD384D903 /* GoalThreadTests.swift */ = {isa = PBXFileReference; lastKnownFileType = sourcecode.swift; path = GoalThreadTests.swift; sourceTree = "<group>"; };
		F81BCF8228474F3DEE9E463F /* SessionRecallTranscript.swift */ = {isa = PBXFileReference; lastKnownFileType = sourcecode.swift; path = SessionRecallTranscript.swift; sourceTree = "<group>"; };
		F9FCC10525E1BE91F5812F60 /* ChatTopic.swift */ = {isa = PBXFileReference; lastKnownFileType = sourcecode.swift; path = ChatTopic.swift; sourceTree = "<group>"; };
		FBFABFFF810A8B3BE2EF2473 /* ExerciseTools.swift */ = {isa = PBXFileReference; lastKnownFileType = sourcecode.swift; path = ExerciseTools.swift; sourceTree = "<group>"; };
		FCA0027B6609B861721F6BC7 /* WebSearchTools.swift */ = {isa = PBXFileReference; lastKnownFileType = sourcecode.swift; path = WebSearchTools.swift; sourceTree = "<group>"; };
		FE5CE6CC62914BCF9B6FA475 /* FollowUpChipTests.swift */ = {isa = PBXFileReference; lastKnownFileType = sourcecode.swift; path = FollowUpChipTests.swift; sourceTree = "<group>"; };
/* End PBXFileReference section */

/* Begin PBXFrameworksBuildPhase section */
		0A65DD261C10ACCCBBCF0586 /* Frameworks */ = {
			isa = PBXFrameworksBuildPhase;
			buildActionMask = 2147483647;
			files = (
				61710FCB64153415EE2C514D /* AgentRuntime in Frameworks */,
			);
			runOnlyForDeploymentPostprocessing = 0;
		};
		D110C1BE203E6BC81B1E71D6 /* Frameworks */ = {
			isa = PBXFrameworksBuildPhase;
			buildActionMask = 2147483647;
			files = (
				5A8E14B8D4CE94201F1D49F2 /* AgentRuntime in Frameworks */,
				8726B8F27396FACF0F71ED44 /* AIKit in Frameworks */,
			);
			runOnlyForDeploymentPostprocessing = 0;
		};
/* End PBXFrameworksBuildPhase section */

/* Begin PBXGroup section */
		00EEE956D22223E13F080AE7 /* Intents */ = {
			isa = PBXGroup;
			children = (
				ED248EC62741A14FCF72E632 /* SpokenBrief.swift */,
				6AE8AD9A1AAB5A59C3412793 /* VanaIntents.swift */,
				81027F1C343864BD068598A3 /* VanaLaunchRouter.swift */,
				B1892679BF7332AD22437EF0 /* VanaShortcuts.swift */,
			);
			path = Intents;
			sourceTree = "<group>";
		};
		278B94141FBC818C7E52F410 /* Recall */ = {
			isa = PBXGroup;
			children = (
				5DB3683AE0019A420ED052C6 /* BackgroundDigest.swift */,
				310E465F34F141EB3BE5B9C0 /* DerivedTurn.swift */,
				7B907139114605C85293C613 /* FollowUpRunner.swift */,
				14428110B9571438B8D0F0E3 /* GoalDigest.swift */,
				8235E3262E6138D6D1ED0544 /* SessionRecall.swift */,
				55294A1A06EA89CF4FB93B1E /* SessionRecallTools.swift */,
				F81BCF8228474F3DEE9E463F /* SessionRecallTranscript.swift */,
				E610C08E26C52570D5D59A47 /* SessionRecallTrigger.swift */,
			);
			path = Recall;
			sourceTree = "<group>";
		};
		27C8760FC9F8B66252B9A34B = {
			isa = PBXGroup;
			children = (
				3ADC8D25DBD68C363CC4B6CB /* HealthChat */,
				DCDC059BA539F5033992EA4F /* HealthChatTests */,
				FD5634472C0DC070F1FEEA47 /* Packages */,
				A51543E4F499D110097E3EDB /* Products */,
			);
			sourceTree = "<group>";
		};
		3793A388C145DD413F350641 /* Chat */ = {
			isa = PBXGroup;
			children = (
				50BDC598CA7DE688394401E6 /* ChatChip.swift */,
				F9FCC10525E1BE91F5812F60 /* ChatTopic.swift */,
				4831856EE2EC904362E41D29 /* ChatView.swift */,
				72475A88DE4F0DDDF7275FD3 /* ChatViewModel.swift */,
				953E23DAE622819B64A73022 /* ComposerBar.swift */,
				5894426AFC5013EDB47E5E0D /* MarkdownBlocks.swift */,
				CB4C9DBF666414696292E383 /* MarkdownTextView.swift */,
				E67FD6D4286027EF2802153E /* SessionIndexEntry.swift */,
				D3EA5435E4040695ACB0A74B /* SessionListView.swift */,
				CB3C81EFA4F5819BA6BEA62B /* SessionStore.swift */,
				4FC1089E95803546C1E9E043 /* SessionThread.swift */,
				2CAA0A242570929B7DE30FDB /* SessionTimeSection.swift */,
				26CDAE4F1497DFF33B197F69 /* SuggestedQuestions.swift */,
				98FA7092CC07CC4F43676FDB /* ToolResultPanel.swift */,
			);
			path = Chat;
			sourceTree = "<group>";
		};
		3ADC8D25DBD68C363CC4B6CB /* HealthChat */ = {
			isa = PBXGroup;
			children = (
				342547D9878008FA7FBE3445 /* AppIcon.icon */,
				7F86DB50065C30617D4EC449 /* HealthChat.entitlements */,
				3A96DFA89142899891C5040A /* HealthChatApp.swift */,
				7DB5AA6E4DE38DD40FA7742A /* Info.plist */,
				4EF67047540C43988A8A61F0 /* Ask */,
				3793A388C145DD413F350641 /* Chat */,
				7F3FD4BDBFA4B5FA58FAB75D /* Engine */,
				C176584B7392D46F2C733FCB /* Exercises */,
				7229EB7A7508313A4C9E5CBE /* Health */,
				00EEE956D22223E13F080AE7 /* Intents */,
				F9419812A0BEB9977468F8F8 /* Legal */,
				E983BFC6BCDB8AC7D652EE47 /* Location */,
				846D3630B3FA68C3F41DBCD8 /* Medications */,
				DC149655E957EFFB21DF3227 /* Memory */,
				8067923987197A5031827414 /* Models */,
				278B94141FBC818C7E52F410 /* Recall */,
				660D94C3E523D4D629FE221A /* Search */,
				BEB0F1583ED31D14EC7B660B /* Settings */,
				AFB058C0983E7E9CB715E928 /* Tenant */,
				8C4F9283C7EBF2A51B0E80EB /* Vision */,
				F2BB66AD07E38096E3612DE7 /* Voice */,
			);
			path = HealthChat;
			sourceTree = "<group>";
		};
		4EF67047540C43988A8A61F0 /* Ask */ = {
			isa = PBXGroup;
			children = (
				B61368BD9EA5E3838A3C3EC2 /* AskUserCard.swift */,
				D52816C083C5424DAA472CE4 /* AskUserQuestion.swift */,
				533FFAC630761815975BD385 /* AskUserTools.swift */,
			);
			path = Ask;
			sourceTree = "<group>";
		};
		660D94C3E523D4D629FE221A /* Search */ = {
			isa = PBXGroup;
			children = (
				D6065033CB905D32BAE1868E /* WebSearchClient.swift */,
				FCA0027B6609B861721F6BC7 /* WebSearchTools.swift */,
			);
			path = Search;
			sourceTree = "<group>";
		};
		7229EB7A7508313A4C9E5CBE /* Health */ = {
			isa = PBXGroup;
			children = (
				D52899627630A75079D60920 /* CheckInScheduler.swift */,
				6D7E12635C3DC0D5F69B0311 /* DebugSeeder.swift */,
				7E3D7B3F4958B0148BEDA3BA /* HealthAnalysis.swift */,
				0220BC12F370803EFB063960 /* HealthSituation.swift */,
				279C3404FCD87BA49F2C6B8D /* HealthStatusView.swift */,
				99FB47FBAC6D5DD791DBE341 /* HealthStore.swift */,
				0E6F0D20F7DB19CD9F1E975A /* HealthVitals.swift */,
			);
			path = Health;
			sourceTree = "<group>";
		};
		7F3FD4BDBFA4B5FA58FAB75D /* Engine */ = {
			isa = PBXGroup;
			children = (
				2B0074F7C3BB04FAD54B8769 /* AgentEngine.swift */,
				A652BD4E051861856B61EA59 /* AgentRuntimeBridge.swift */,
				675AAA08C439AACDF220D3AA /* AIKitEngine.swift */,
				8AFC113F9D2634BF34DBFC08 /* BackgroundModelWork.swift */,
				2D695F50AEE0356B04ADDAE6 /* FollowUpSuggester.swift */,
				E9DB2613BC060C6B4EB2914C /* FollowUpSuggestionHook.swift */,
				E69E7DE6F21A0E9160A0F628 /* HealthAssistantInstructions.swift */,
				73490F6A80560B9A2E3BF573 /* HealthReport.swift */,
				7E650374FC8103EB913304E2 /* HealthTools.swift */,
				8428C9546ADF171E7350A3B1 /* QuestionSuggester.swift */,
				97B44AA82061830ACBB2F260 /* QuickSummaryWriter.swift */,
			);
			path = Engine;
			sourceTree = "<group>";
		};
		8067923987197A5031827414 /* Models */ = {
			isa = PBXGroup;
			children = (
				5F906901C0ECFED808D8148C /* ChatAttachment.swift */,
				1F93D5AB337EF321F53CCE7D /* ChatMessage.swift */,
				6A8FEB8CD9D07CDFAAB8B872 /* ChatSession.swift */,
			);
			path = Models;
			sourceTree = "<group>";
		};
		846D3630B3FA68C3F41DBCD8 /* Medications */ = {
			isa = PBXGroup;
			children = (
				6FC4F7FBF0D65039BC8A9D37 /* MedicationBriefer.swift */,
				6FD4090E9C4821B6650D46B5 /* MedicationDetailView.swift */,
				13D50C2E16ED93D22BEC27C4 /* MedicationEditView.swift */,
				66F25A7BC9AED8D7930AD694 /* MedicationItem.swift */,
				356834B363E6D4A4347E078D /* MedicationListView.swift */,
				32A3FC7DCF8FADA382875A24 /* MedicationStore.swift */,
				3B7065E96752EA876118CEF6 /* MedicationTools.swift */,
			);
			path = Medications;
			sourceTree = "<group>";
		};
		8C4F9283C7EBF2A51B0E80EB /* Vision */ = {
			isa = PBXGroup;
			children = (
				04960C14CFC19B595E93391C /* AttachmentImporter.swift */,
				EBEA83113F2D2720AA7CF5E4 /* AttachmentIntake.swift */,
				5918BAA59B931A47C8543D26 /* AttachmentStore.swift */,
				EFDC911B83D864FA864110D3 /* AttachmentViews.swift */,
				D7129BDB67EE77B0B2DCFA8F /* DocumentScannerView.swift */,
				770138DD64152FE98D4490FF /* DocxText.swift */,
				8E56B4D93BE62BE7F1DF482D /* DraftAttachment.swift */,
				07FE4841C695C6D89EDE987A /* PhotoImagePolicy.swift */,
				2048EA67B2399788A587F113 /* RecognizedTextLayout.swift */,
				AA8A61FE1FF0031E88849349 /* TextRecognizer.swift */,
				117EF60B1EA8D0FB9F745BC1 /* ZIPArchive.swift */,
			);
			path = Vision;
			sourceTree = "<group>";
		};
		A51543E4F499D110097E3EDB /* Products */ = {
			isa = PBXGroup;
			children = (
				2764D5648660091F407CFE7A /* HealthChat.app */,
				B1816650C836AAE200940329 /* HealthChatTests.xctest */,
			);
			name = Products;
			sourceTree = "<group>";
		};
		AFB058C0983E7E9CB715E928 /* Tenant */ = {
			isa = PBXGroup;
			children = (
				643BC62340C02F55E9FF4C40 /* Tenant.swift */,
				2D129AA9A283B99C2A6CC2A5 /* TenantContext.swift */,
				85BDFC99D3F4F49548624A64 /* TenantListView.swift */,
				B88ADECCCCCE391EBBC9AA2E /* TenantOpening.swift */,
				68E27C2BC747D1FFA0660F0C /* TenantPaths.swift */,
				11E2077F44B349F72A9A583B /* TenantScope.swift */,
				6E5E0AD2C6F723BCFD6DC6C9 /* TenantStore.swift */,
			);
			path = Tenant;
			sourceTree = "<group>";
		};
		BEB0F1583ED31D14EC7B660B /* Settings */ = {
			isa = PBXGroup;
			children = (
				032C3FAE4B63DB9E446F4DA1 /* AboutView.swift */,
				71DD0DA8E7A626878D4D2553 /* AssistantPersona.swift */,
				99342B97067E454CEA41A74C /* CloudCatalog.swift */,
				4A349106B1279DFA21FE15B3 /* CloudPickerViews.swift */,
				1EF9F6B571DA26C8632C30CB /* DeveloperView.swift */,
				488A7E75212DFCF7E9B4D57A /* EngineSettings.swift */,
				693B0422A40F1D865403F63B /* KeychainStore.swift */,
				2C057D58E7689C9D354C3DA4 /* MemoryView.swift */,
				4861F7F210C551D3C1F6A882 /* ModelCapabilityTags.swift */,
				5EBCEF74D9E62D8A490F0CFB /* SettingsView.swift */,
			);
			path = Settings;
			sourceTree = "<group>";
		};
		C176584B7392D46F2C733FCB /* Exercises */ = {
			isa = PBXGroup;
			children = (
				8D50FD5CE01ED7B5741BAB81 /* ExerciseCards.swift */,
				3350455ECC5D9FA4CE1FE326 /* ExerciseLibrary.swift */,
				EAB10040609C44E0B1F464E2 /* exercises.json */,
				ABCFE5610B026989CA6FAB63 /* Exercises.xcassets */,
				FBFABFFF810A8B3BE2EF2473 /* ExerciseTools.swift */,
			);
			path = Exercises;
			sourceTree = "<group>";
		};
		DC149655E957EFFB21DF3227 /* Memory */ = {
			isa = PBXGroup;
			children = (
				2DF8015F31C712FAB75EA280 /* InterestProfile.swift */,
				EA83184F12D385AEF552BB6A /* MemoryExtractor.swift */,
				EFA71281E40CE8E14E10ADD9 /* MemoryItem.swift */,
				2BC118BF1E41BBC6CC14971C /* MemoryStore.swift */,
				6F3AADB29A33FF2CFB84BB53 /* MemoryTools.swift */,
			);
			path = Memory;
			sourceTree = "<group>";
		};
		DCDC059BA539F5033992EA4F /* HealthChatTests */ = {
			isa = PBXGroup;
			children = (
				141724EAF8C36AA56193BD64 /* AskUserTests.swift */,
				6C79189BBB7066C213D300AF /* BackgroundModelWorkTests.swift */,
				C0EAE3425B7C10A8DAAC0F3D /* ChatLoopHarness.swift */,
				3605F6F823756E8E2D3977A4 /* ChatLoopTests.swift */,
				BFE15B96B7A5C9905343074E /* ChatMessagePersistenceTests.swift */,
				4C878F29BF7FCC84C489DC64 /* ComplianceTests.swift */,
				09B9AE29C0CB2B6771CCB916 /* ContextBudgetPerformanceTests.swift */,
				490D6022365696613E0E160B /* DocumentImportTests.swift */,
				444ACA09B57ED057F71E0BF9 /* ExerciseTests.swift */,
				FE5CE6CC62914BCF9B6FA475 /* FollowUpChipTests.swift */,
				A387ACB7AEE3013339A09C54 /* FollowUpRunnerTests.swift */,
				1653C12CE2F309041A7F16ED /* GoalDigestTests.swift */,
				F4EF553374E5A74CD384D903 /* GoalThreadTests.swift */,
				6E05D6C2AB896365212111E5 /* LocationTests.swift */,
				12AC1B3F6825BE1638747364 /* MarkdownTests.swift */,
				3585F73377C598DEE5FAF2AF /* MedicationTests.swift */,
				21B1A48756BC087E60F2BE7C /* MemoryTests.swift */,
				74A0FD867EB71F5150F4C579 /* QueuedMessageTests.swift */,
				D56F6839C5BEA2AEB3C0A420 /* QuickSummaryTests.swift */,
				DAD82454FC96F2C7AC15E248 /* SessionRecallTests.swift */,
				8E08AA2D3AA1ECB3ED52B1F8 /* SessionStorePerformanceTests.swift */,
				EC14AB734D7CF26266564DBC /* SessionThreadTests.swift */,
				B60B19FB617757EFC5A99C9E /* SessionTimeSectionTests.swift */,
				D704B9357A509D46D42E9709 /* SpokenBriefTests.swift */,
				C2046AC08A253ECF0CB6CBCD /* TenantTests.swift */,
				F03F7AC05908A15A92A0495D /* VisionTests.swift */,
				F0593FC73EC6B02933D2B8B8 /* VoiceTests.swift */,
				0B9D40E54C5918AC9FB47F38 /* WebSearchTests.swift */,
			);
			path = HealthChatTests;
			sourceTree = "<group>";
		};
		E983BFC6BCDB8AC7D652EE47 /* Location */ = {
			isa = PBXGroup;
			children = (
				4D0242EB57C5A3666EA14CE4 /* LocationProvider.swift */,
				91C7E54E90C186802F4FE209 /* LocationSnapshot.swift */,
			);
			path = Location;
			sourceTree = "<group>";
		};
		F2BB66AD07E38096E3612DE7 /* Voice */ = {
			isa = PBXGroup;
			children = (
				50C2C6CDBB53D24AA7EED7CF /* VoiceDictation.swift */,
				E65734B2976793968B39E2B3 /* VoiceInputViews.swift */,
				DB4F973E8663C8314E185A27 /* VoiceVocabulary.swift */,
			);
			path = Voice;
			sourceTree = "<group>";
		};
		F9419812A0BEB9977468F8F8 /* Legal */ = {
			isa = PBXGroup;
			children = (
				D52A5195FED14006106C135D /* DataUseNotice.swift */,
				585014FEF7E152F2B6296439 /* PrivacyPolicy.html */,
				1134D344AFA55B871BBFBD62 /* PrivacyPolicyView.swift */,
			);
			path = Legal;
			sourceTree = "<group>";
		};
		FD5634472C0DC070F1FEEA47 /* Packages */ = {
			isa = PBXGroup;
			children = (
				5DF5720A8DD2FEF3DF8EACCE /* AgentRuntime */,
				240748FF19F50787C5D02C81 /* aikitswift */,
			);
			name = Packages;
			sourceTree = "<group>";
		};
/* End PBXGroup section */

/* Begin PBXNativeTarget section */
		04F6D327FE1B8BC3FC6524CE /* HealthChatTests */ = {
			isa = PBXNativeTarget;
			buildConfigurationList = 5A67E151CCB375A255578B7D /* Build configuration list for PBXNativeTarget "HealthChatTests" */;
			buildPhases = (
				688D9B51E359CF80EFC6ED42 /* Sources */,
				0A65DD261C10ACCCBBCF0586 /* Frameworks */,
			);
			buildRules = (
			);
			dependencies = (
				41B38456BA3E99BD24286306 /* PBXTargetDependency */,
			);
			name = HealthChatTests;
			packageProductDependencies = (
				FE697F0031546643A20E7E55 /* AgentRuntime */,
			);
			productName = HealthChatTests;
			productReference = B1816650C836AAE200940329 /* HealthChatTests.xctest */;
			productType = "com.apple.product-type.bundle.unit-test";
		};
		A4C1FC5C987576F7B19F3806 /* HealthChat */ = {
			isa = PBXNativeTarget;
			buildConfigurationList = 8FAAFC7932662947E874CAD6 /* Build configuration list for PBXNativeTarget "HealthChat" */;
			buildPhases = (
				12FA0E4298A19B191C3E6F9D /* Sources */,
				1F1B4D98612BDD8E50141818 /* Resources */,
				D110C1BE203E6BC81B1E71D6 /* Frameworks */,
			);
			buildRules = (
			);
			dependencies = (
			);
			name = HealthChat;
			packageProductDependencies = (
				0A45762E47C5E6B236EB6053 /* AgentRuntime */,
				10AD1DA4C2AB6A5E98DD8996 /* AIKit */,
			);
			productName = HealthChat;
			productReference = 2764D5648660091F407CFE7A /* HealthChat.app */;
			productType = "com.apple.product-type.application";
		};
/* End PBXNativeTarget section */

/* Begin PBXProject section */
		3246CE8650E7B4E6AE443863 /* Project object */ = {
			isa = PBXProject;
			attributes = {
				BuildIndependentTargetsInParallel = YES;
				LastUpgradeCheck = 1430;
				TargetAttributes = {
					04F6D327FE1B8BC3FC6524CE = {
						DevelopmentTeam = TBZQNF7555;
						ProvisioningStyle = Automatic;
					};
					A4C1FC5C987576F7B19F3806 = {
						DevelopmentTeam = TBZQNF7555;
						ProvisioningStyle = Automatic;
					};
				};
			};
			buildConfigurationList = CDD66117A2175BC3AAD50FCD /* Build configuration list for PBXProject "HealthChat" */;
			developmentRegion = "zh-Hans";
			hasScannedForEncodings = 0;
			knownRegions = (
				Base,
				"zh-Hans",
			);
			mainGroup = 27C8760FC9F8B66252B9A34B;
			minimizedProjectReferenceProxies = 1;
			packageReferences = (
				D8CE29101E0760240DC35A8E /* XCLocalSwiftPackageReference "../aikitswift" */,
				853127B1BDD24FBC1573C793 /* XCLocalSwiftPackageReference "AgentRuntime" */,
			);
			preferredProjectObjectVersion = 77;
			productRefGroup = A51543E4F499D110097E3EDB /* Products */;
			projectDirPath = "";
			projectRoot = "";
			targets = (
				04F6D327FE1B8BC3FC6524CE /* HealthChatTests */,
				A4C1FC5C987576F7B19F3806 /* HealthChat */,
			);
		};
/* End PBXProject section */

/* Begin PBXResourcesBuildPhase section */
		1F1B4D98612BDD8E50141818 /* Resources */ = {
			isa = PBXResourcesBuildPhase;
			buildActionMask = 2147483647;
			files = (
				49E6A8005E71885F29B8AFBC /* AppIcon.icon in Resources */,
				7D2DFE3A66E7D573A56F3A71 /* Exercises.xcassets in Resources */,
				8978A6AB2759B24CE035DFE8 /* PrivacyPolicy.html in Resources */,
				81578108C156D925C81F16E5 /* exercises.json in Resources */,
			);
			runOnlyForDeploymentPostprocessing = 0;
		};
/* End PBXResourcesBuildPhase section */

/* Begin PBXSourcesBuildPhase section */
		12FA0E4298A19B191C3E6F9D /* Sources */ = {
			isa = PBXSourcesBuildPhase;
			buildActionMask = 2147483647;
			files = (
				C361FA106076E33DD4DE3584 /* AIKitEngine.swift in Sources */,
				1D36A064E62EEE8434DFA735 /* AboutView.swift in Sources */,
				FDFC3710084BB49D6D5A0EEE /* AgentEngine.swift in Sources */,
				95D28A74F6326A87C8B49A21 /* AgentRuntimeBridge.swift in Sources */,
				EEFAD75FEFCB3A484D8D6A2E /* AskUserCard.swift in Sources */,
				13402EA91A0E7D62A18569CC /* AskUserQuestion.swift in Sources */,
				55409E4AE2A5ED0F55E11719 /* AskUserTools.swift in Sources */,
				36793F81A9C1F64F6CD1C1ED /* AssistantPersona.swift in Sources */,
				B0E4D16660ABB8045B558A04 /* AttachmentImporter.swift in Sources */,
				883F305FADDD56E2083D5673 /* AttachmentIntake.swift in Sources */,
				4B6CA9B13B62EABC2EBD7A8F /* AttachmentStore.swift in Sources */,
				BEBBBD6A6779CA0402ABCAE9 /* AttachmentViews.swift in Sources */,
				3706656D35EA51CF1E99EF58 /* BackgroundDigest.swift in Sources */,
				E4831C1008F3C98CA6B93EF4 /* BackgroundModelWork.swift in Sources */,
				9F484C820055AA8555930844 /* ChatAttachment.swift in Sources */,
				C8FBB505DC3561AB083D4366 /* ChatChip.swift in Sources */,
				5C28063F82AADBAC8FCEDDEE /* ChatMessage.swift in Sources */,
				C4C25FAFEAA316D97BAAACCA /* ChatSession.swift in Sources */,
				9E99DB6119B3D9F194C8F9C8 /* ChatTopic.swift in Sources */,
				C2C3B4553544E3A79EF770AB /* ChatView.swift in Sources */,
				7839689D42E2C2728E83AA03 /* ChatViewModel.swift in Sources */,
				11394994FFE4A02E95C07486 /* CheckInScheduler.swift in Sources */,
				0C5A80234BBD46447D34BC8F /* CloudCatalog.swift in Sources */,
				E94ABD126DE32EFF05FAF16A /* CloudPickerViews.swift in Sources */,
				5D2086F9435DA592C4573A19 /* ComposerBar.swift in Sources */,
				07DCF6904D10EC18B1CB2442 /* DataUseNotice.swift in Sources */,
				9D539A3360F66E802176FB76 /* DebugSeeder.swift in Sources */,
				658C5670EA911375CD55DE06 /* DerivedTurn.swift in Sources */,
				F4D22C5AFBDCD322C85A4F3C /* DeveloperView.swift in Sources */,
				4F0AAEB94011E0F0C7FA922F /* DocumentScannerView.swift in Sources */,
				05C166D293377409DD040576 /* DocxText.swift in Sources */,
				73670274E89078992A19CE26 /* DraftAttachment.swift in Sources */,
				2EC1821C50AB2EE063C5456E /* EngineSettings.swift in Sources */,
				D6A8F296EFF0847C6231C566 /* ExerciseCards.swift in Sources */,
				2F5C9D39FD95327D5B8E7A5D /* ExerciseLibrary.swift in Sources */,
				ECFE3B7AD428A30CA6C8AFC6 /* ExerciseTools.swift in Sources */,
				E52A23FEA5B123817D3CE3BA /* FollowUpRunner.swift in Sources */,
				7B1DB8099BE5FB310FAC811B /* FollowUpSuggester.swift in Sources */,
				792E9EE32CC6707B5320921A /* FollowUpSuggestionHook.swift in Sources */,
				45FF95442A490BD6EFECCA86 /* GoalDigest.swift in Sources */,
				ECEBDE5986643A4BB738D124 /* HealthAnalysis.swift in Sources */,
				C01C3911E3D20BB7D30FD59B /* HealthAssistantInstructions.swift in Sources */,
				2B7746B836B862AD11E5198A /* HealthChatApp.swift in Sources */,
				57E0A0A9A177F6B8BF7366C3 /* HealthReport.swift in Sources */,
				DF4068E17E3C7E38339A7D38 /* HealthSituation.swift in Sources */,
				34C674D0EE9D43B21EF10C83 /* HealthStatusView.swift in Sources */,
				935519603C0E13B5A17B333F /* HealthStore.swift in Sources */,
				A8BD34C03F9B28EFD118D4E2 /* HealthTools.swift in Sources */,
				B29A843DF2EDBEA9E04A3AD3 /* HealthVitals.swift in Sources */,
				2E37FECA35FA8F5714DDEBD2 /* InterestProfile.swift in Sources */,
				035D8709303854537D038A4C /* KeychainStore.swift in Sources */,
				EB00D410583D35396260B796 /* LocationProvider.swift in Sources */,
				654F24C30B88FE934B878BB2 /* LocationSnapshot.swift in Sources */,
				82B1FA60F7E159439BA0585C /* MarkdownBlocks.swift in Sources */,
				C7D11BD32D93849AAD689205 /* MarkdownTextView.swift in Sources */,
				7AC8AD3AB55E0947CEF031F0 /* MedicationBriefer.swift in Sources */,
				12BE5549A2F18A2E200D49B1 /* MedicationDetailView.swift in Sources */,
				8DFB52ABF07AD9E07C9395D6 /* MedicationEditView.swift in Sources */,
				A308D642F92BE6D410101293 /* MedicationItem.swift in Sources */,
				646560E2B10478A997B82569 /* MedicationListView.swift in Sources */,
				CADEEEF20A7BB85326985027 /* MedicationStore.swift in Sources */,
				D810CBE12CF8E24795EE135B /* MedicationTools.swift in Sources */,
				25CAB3EE59AF818F91A1F53D /* MemoryExtractor.swift in Sources */,
				B2245B0B777D65F73789F6DE /* MemoryItem.swift in Sources */,
				5BE661DAD8951E551F4ABCE5 /* MemoryStore.swift in Sources */,
				D27E946A7010E8603981265B /* MemoryTools.swift in Sources */,
				B595BEB93CBBFFEB0B6F6F49 /* MemoryView.swift in Sources */,
				BD39D3F464A5B611E3FE3441 /* ModelCapabilityTags.swift in Sources */,
				A2F07EEC782A930A7FA10018 /* PhotoImagePolicy.swift in Sources */,
				714E1B60AA93E8D539110E8B /* PrivacyPolicyView.swift in Sources */,
				950C87E0AA3A6DB3B75F82B0 /* QuestionSuggester.swift in Sources */,
				268386EE94BBB2212D6EDBCC /* QuickSummaryWriter.swift in Sources */,
				942E13E0D0422BB4A7359275 /* RecognizedTextLayout.swift in Sources */,
				B57EBDA001649FCF3568C025 /* SessionIndexEntry.swift in Sources */,
				77F66688041E64881D5B7EEF /* SessionListView.swift in Sources */,
				22B9314E94B9D7EB65BB08EB /* SessionRecall.swift in Sources */,
				89FC0556B9B998D9A32DFC83 /* SessionRecallTools.swift in Sources */,
				F34056B8EB5EC0526EF9B133 /* SessionRecallTranscript.swift in Sources */,
				4C53EB7361B3909AB7460546 /* SessionRecallTrigger.swift in Sources */,
				0481E669EF4F0E0E5CABEC44 /* SessionStore.swift in Sources */,
				83D5C10AD650E148183493BA /* SessionThread.swift in Sources */,
				D9A39151438E8786EE6DEF08 /* SessionTimeSection.swift in Sources */,
				055303B542D7C5B593624D0C /* SettingsView.swift in Sources */,
				3E468AD598771FFDAF81A58C /* SpokenBrief.swift in Sources */,
				CB944C607BBA739BF99BF29E /* SuggestedQuestions.swift in Sources */,
				40D21C76A5D0B9545B0A189A /* Tenant.swift in Sources */,
				272ACB6EA9284C9376FDDE3A /* TenantContext.swift in Sources */,
				FE7A36AD42F9FFBDBBD1A905 /* TenantListView.swift in Sources */,
				55259C2D0C90731A31C15C0B /* TenantOpening.swift in Sources */,
				E3189FCD6D0C465DD9A5B579 /* TenantPaths.swift in Sources */,
				7646C44E581A30F28CA2C98A /* TenantScope.swift in Sources */,
				25DD85ADF18FE295906FA3FF /* TenantStore.swift in Sources */,
				0422EA7DA035E967F275215B /* TextRecognizer.swift in Sources */,
				33DDA01D626BF6ED06CF7333 /* ToolResultPanel.swift in Sources */,
				FD09DB1B1B53EFCFCF017B01 /* VanaIntents.swift in Sources */,
				AAA270923300BB2494FAE116 /* VanaLaunchRouter.swift in Sources */,
				4F54899E59695505C50AAF4D /* VanaShortcuts.swift in Sources */,
				D8520B47746FF1F7149DB262 /* VoiceDictation.swift in Sources */,
				9C1A611AE662B1BD55C46B65 /* VoiceInputViews.swift in Sources */,
				B3AD353A5ACFB2DE07255DFF /* VoiceVocabulary.swift in Sources */,
				DE4D9A4DDA668061CADA5FA1 /* WebSearchClient.swift in Sources */,
				580D940C6FD7428688DA2F0B /* WebSearchTools.swift in Sources */,
				1E2B7292548CBF9B027A6979 /* ZIPArchive.swift in Sources */,
			);
			runOnlyForDeploymentPostprocessing = 0;
		};
		688D9B51E359CF80EFC6ED42 /* Sources */ = {
			isa = PBXSourcesBuildPhase;
			buildActionMask = 2147483647;
			files = (
				220E2664406A61C8C39E7AE4 /* AskUserTests.swift in Sources */,
				75123A816BF0E6040112EE34 /* BackgroundModelWorkTests.swift in Sources */,
				9C28DC58955726B8CAA27C0F /* ChatLoopHarness.swift in Sources */,
				1EB178C4F9F2F4301A00F6AE /* ChatLoopTests.swift in Sources */,
				41AFEC0661ADF52C6ED8DC89 /* ChatMessagePersistenceTests.swift in Sources */,
				1E26A944B2F3F0143996F027 /* ComplianceTests.swift in Sources */,
				2E5C952D5956350B0B7A95F1 /* ContextBudgetPerformanceTests.swift in Sources */,
				70C3960DC728AF9F3D7E1658 /* DocumentImportTests.swift in Sources */,
				D1F5537987AA15FABE522F4E /* ExerciseTests.swift in Sources */,
				058CCB1CB6ECDE0BEB771E97 /* FollowUpChipTests.swift in Sources */,
				30989DE6DDC97556AE67D0C1 /* FollowUpRunnerTests.swift in Sources */,
				F150B6AD6010C90206C339C3 /* GoalDigestTests.swift in Sources */,
				3958134D297BF18F1A18805F /* GoalThreadTests.swift in Sources */,
				58B7DC5BF818E188B55D6DEE /* LocationTests.swift in Sources */,
				4A6053BD95ABFC2907BCE25F /* MarkdownTests.swift in Sources */,
				4E3F7BDEBDFFD5C7CB4B20CD /* MedicationTests.swift in Sources */,
				E54A6DE96BBD25ADA358FBB4 /* MemoryTests.swift in Sources */,
				367B11714D566E251B4BB863 /* QueuedMessageTests.swift in Sources */,
				26AEF33D1FF0E2AAB6E7925A /* QuickSummaryTests.swift in Sources */,
				4AA3AE9B2FF861B112ADE5F0 /* SessionRecallTests.swift in Sources */,
				0B54E492502843A67BB4AEB6 /* SessionStorePerformanceTests.swift in Sources */,
				66475B1B44CC8C8205B4D6AE /* SessionThreadTests.swift in Sources */,
				63110BA63AF33BEF2EBAA497 /* SessionTimeSectionTests.swift in Sources */,
				65EBBF347CB1B92A0E0DA5AE /* SpokenBriefTests.swift in Sources */,
				A437AEE55596CD80E1CE043A /* TenantTests.swift in Sources */,
				12AB0A561D6390B9102B2573 /* VisionTests.swift in Sources */,
				8148C91C635C24FF44135F64 /* VoiceTests.swift in Sources */,
				63A90A11E5E8FEC5B0A8AABB /* WebSearchTests.swift in Sources */,
			);
			runOnlyForDeploymentPostprocessing = 0;
		};
/* End PBXSourcesBuildPhase section */

/* Begin PBXTargetDependency section */
		41B38456BA3E99BD24286306 /* PBXTargetDependency */ = {
			isa = PBXTargetDependency;
			target = A4C1FC5C987576F7B19F3806 /* HealthChat */;
			targetProxy = 6BECC9D57A84D099AFDB61DD /* PBXContainerItemProxy */;
		};
/* End PBXTargetDependency section */

/* Begin XCBuildConfiguration section */
		191DC10AFAA5138A720CF67C /* Debug */ = {
			isa = XCBuildConfiguration;
			buildSettings = {
				ALWAYS_SEARCH_USER_PATHS = NO;
				CLANG_ANALYZER_NONNULL = YES;
				CLANG_ANALYZER_NUMBER_OBJECT_CONVERSION = YES_AGGRESSIVE;
				CLANG_CXX_LANGUAGE_STANDARD = "gnu++14";
				CLANG_CXX_LIBRARY = "libc++";
				CLANG_ENABLE_MODULES = YES;
				CLANG_ENABLE_OBJC_ARC = YES;
				CLANG_ENABLE_OBJC_WEAK = YES;
				CLANG_WARN_BLOCK_CAPTURE_AUTORELEASING = YES;
				CLANG_WARN_BOOL_CONVERSION = YES;
				CLANG_WARN_COMMA = YES;
				CLANG_WARN_CONSTANT_CONVERSION = YES;
				CLANG_WARN_DEPRECATED_OBJC_IMPLEMENTATIONS = YES;
				CLANG_WARN_DIRECT_OBJC_ISA_USAGE = YES_ERROR;
				CLANG_WARN_DOCUMENTATION_COMMENTS = YES;
				CLANG_WARN_EMPTY_BODY = YES;
				CLANG_WARN_ENUM_CONVERSION = YES;
				CLANG_WARN_INFINITE_RECURSION = YES;
				CLANG_WARN_INT_CONVERSION = YES;
				CLANG_WARN_NON_LITERAL_NULL_CONVERSION = YES;
				CLANG_WARN_OBJC_IMPLICIT_RETAIN_SELF = YES;
				CLANG_WARN_OBJC_LITERAL_CONVERSION = YES;
				CLANG_WARN_OBJC_ROOT_CLASS = YES_ERROR;
				CLANG_WARN_QUOTED_INCLUDE_IN_FRAMEWORK_HEADER = YES;
				CLANG_WARN_RANGE_LOOP_ANALYSIS = YES;
				CLANG_WARN_STRICT_PROTOTYPES = YES;
				CLANG_WARN_SUSPICIOUS_MOVE = YES;
				CLANG_WARN_UNGUARDED_AVAILABILITY = YES_AGGRESSIVE;
				CLANG_WARN_UNREACHABLE_CODE = YES;
				CLANG_WARN__DUPLICATE_METHOD_MATCH = YES;
				CODE_SIGN_STYLE = Automatic;
				COPY_PHASE_STRIP = NO;
				DEBUG_INFORMATION_FORMAT = dwarf;
				DEVELOPMENT_LANGUAGE = "zh-Hans";
				DEVELOPMENT_TEAM = TBZQNF7555;
				ENABLE_STRICT_OBJC_MSGSEND = YES;
				ENABLE_TESTABILITY = YES;
				GCC_C_LANGUAGE_STANDARD = gnu11;
				GCC_DYNAMIC_NO_PIC = NO;
				GCC_NO_COMMON_BLOCKS = YES;
				GCC_OPTIMIZATION_LEVEL = 0;
				GCC_PREPROCESSOR_DEFINITIONS = (
					"$(inherited)",
					"DEBUG=1",
				);
				GCC_WARN_64_TO_32_BIT_CONVERSION = YES;
				GCC_WARN_ABOUT_RETURN_TYPE = YES_ERROR;
				GCC_WARN_UNDECLARED_SELECTOR = YES;
				GCC_WARN_UNINITIALIZED_AUTOS = YES_AGGRESSIVE;
				GCC_WARN_UNUSED_FUNCTION = YES;
				GCC_WARN_UNUSED_VARIABLE = YES;
				IPHONEOS_DEPLOYMENT_TARGET = 26.0;
				MTL_ENABLE_DEBUG_INFO = INCLUDE_SOURCE;
				MTL_FAST_MATH = YES;
				ONLY_ACTIVE_ARCH = YES;
				PRODUCT_NAME = "$(TARGET_NAME)";
				SDKROOT = iphoneos;
				SWIFT_ACTIVE_COMPILATION_CONDITIONS = DEBUG;
				SWIFT_OPTIMIZATION_LEVEL = "-Onone";
				SWIFT_VERSION = 6.0;
			};
			name = Debug;
		};
		55B698AD16D77E2AFBDB1688 /* Release */ = {
			isa = XCBuildConfiguration;
			buildSettings = {
				BUNDLE_LOADER = "$(TEST_HOST)";
				GENERATE_INFOPLIST_FILE = YES;
				LD_RUNPATH_SEARCH_PATHS = (
					"$(inherited)",
					"@executable_path/Frameworks",
					"@loader_path/Frameworks",
				);
				PRODUCT_BUNDLE_IDENTIFIER = com.junyizhang.HealthChatTests;
				SDKROOT = iphoneos;
				TARGETED_DEVICE_FAMILY = "1,2";
				TEST_HOST = "$(BUILT_PRODUCTS_DIR)/HealthChat.app/HealthChat";
			};
			name = Release;
		};
		5D817E3D2947C103BAFC419E /* Release */ = {
			isa = XCBuildConfiguration;
			buildSettings = {
				ALWAYS_SEARCH_USER_PATHS = NO;
				CLANG_ANALYZER_NONNULL = YES;
				CLANG_ANALYZER_NUMBER_OBJECT_CONVERSION = YES_AGGRESSIVE;
				CLANG_CXX_LANGUAGE_STANDARD = "gnu++14";
				CLANG_CXX_LIBRARY = "libc++";
				CLANG_ENABLE_MODULES = YES;
				CLANG_ENABLE_OBJC_ARC = YES;
				CLANG_ENABLE_OBJC_WEAK = YES;
				CLANG_WARN_BLOCK_CAPTURE_AUTORELEASING = YES;
				CLANG_WARN_BOOL_CONVERSION = YES;
				CLANG_WARN_COMMA = YES;
				CLANG_WARN_CONSTANT_CONVERSION = YES;
				CLANG_WARN_DEPRECATED_OBJC_IMPLEMENTATIONS = YES;
				CLANG_WARN_DIRECT_OBJC_ISA_USAGE = YES_ERROR;
				CLANG_WARN_DOCUMENTATION_COMMENTS = YES;
				CLANG_WARN_EMPTY_BODY = YES;
				CLANG_WARN_ENUM_CONVERSION = YES;
				CLANG_WARN_INFINITE_RECURSION = YES;
				CLANG_WARN_INT_CONVERSION = YES;
				CLANG_WARN_NON_LITERAL_NULL_CONVERSION = YES;
				CLANG_WARN_OBJC_IMPLICIT_RETAIN_SELF = YES;
				CLANG_WARN_OBJC_LITERAL_CONVERSION = YES;
				CLANG_WARN_OBJC_ROOT_CLASS = YES_ERROR;
				CLANG_WARN_QUOTED_INCLUDE_IN_FRAMEWORK_HEADER = YES;
				CLANG_WARN_RANGE_LOOP_ANALYSIS = YES;
				CLANG_WARN_STRICT_PROTOTYPES = YES;
				CLANG_WARN_SUSPICIOUS_MOVE = YES;
				CLANG_WARN_UNGUARDED_AVAILABILITY = YES_AGGRESSIVE;
				CLANG_WARN_UNREACHABLE_CODE = YES;
				CLANG_WARN__DUPLICATE_METHOD_MATCH = YES;
				CODE_SIGN_STYLE = Automatic;
				COPY_PHASE_STRIP = NO;
				DEBUG_INFORMATION_FORMAT = "dwarf-with-dsym";
				DEVELOPMENT_LANGUAGE = "zh-Hans";
				DEVELOPMENT_TEAM = TBZQNF7555;
				ENABLE_NS_ASSERTIONS = NO;
				ENABLE_STRICT_OBJC_MSGSEND = YES;
				GCC_C_LANGUAGE_STANDARD = gnu11;
				GCC_NO_COMMON_BLOCKS = YES;
				GCC_WARN_64_TO_32_BIT_CONVERSION = YES;
				GCC_WARN_ABOUT_RETURN_TYPE = YES_ERROR;
				GCC_WARN_UNDECLARED_SELECTOR = YES;
				GCC_WARN_UNINITIALIZED_AUTOS = YES_AGGRESSIVE;
				GCC_WARN_UNUSED_FUNCTION = YES;
				GCC_WARN_UNUSED_VARIABLE = YES;
				IPHONEOS_DEPLOYMENT_TARGET = 26.0;
				MTL_ENABLE_DEBUG_INFO = NO;
				MTL_FAST_MATH = YES;
				PRODUCT_NAME = "$(TARGET_NAME)";
				SDKROOT = iphoneos;
				SWIFT_COMPILATION_MODE = wholemodule;
				SWIFT_OPTIMIZATION_LEVEL = "-O";
				SWIFT_VERSION = 6.0;
			};
			name = Release;
		};
		7C0475D2E1881539A33DCA8E /* Debug */ = {
			isa = XCBuildConfiguration;
			buildSettings = {
				ASSETCATALOG_COMPILER_APPICON_NAME = AppIcon;
				CODE_SIGN_ENTITLEMENTS = HealthChat/HealthChat.entitlements;
				CODE_SIGN_IDENTITY = "iPhone Developer";
				CURRENT_PROJECT_VERSION = 1;
				GENERATE_INFOPLIST_FILE = YES;
				INFOPLIST_FILE = HealthChat/Info.plist;
				INFOPLIST_KEY_CFBundleDisplayName = Vana;
				INFOPLIST_KEY_NSCameraUsageDescription = "用于拍摄化验单、药瓶或说明书；文字识别在本机完成，只有识别出的文字会发给你配置的模型，照片不会离开这台设备。";
				INFOPLIST_KEY_NSHealthClinicalHealthRecordsShareUsageDescription = "用于在对话中读取你已连接到「健康」的化验和体检记录。只在你提问时读取，相关内容会发送给你在设置里配置的云端模型来分析；Vana 不会修改这些记录，也不会把它们用于广告或数据挖掘。";
				INFOPLIST_KEY_NSHealthShareUsageDescription = "用于在对话中分析你的步数、睡眠、心率等健康数据。分析由你在设置里配置的云端模型完成，相关的聚合数值会发送给该服务；原始样本不会离开这台设备，Vana 也不会修改你的健康记录。";
				INFOPLIST_KEY_NSHealthUpdateUsageDescription = "仅在开发版本中写入模拟健康数据，用于验证查询和分析结果。";
				INFOPLIST_KEY_NSLocationWhenInUseUsageDescription = "用于让 Vana 知道你大概在哪个城市，回答季节、气候、时差和当地就医方式相关的问题；只取到城市，不取街道地址，也不会保存在本机。";
				INFOPLIST_KEY_NSMicrophoneUsageDescription = "用于「按住说话」把你说的话识别成文字填进输入框。识别在本机完成，录音不会保存，也不会离开这台设备；只有识别出的文字在你按发送后才会发给你配置的模型。";
				INFOPLIST_KEY_NSPhotoLibraryUsageDescription = "用于选取你已经拍好的化验单或药瓶照片；文字识别在本机完成，只有识别出的文字会发给你配置的模型，照片不会离开这台设备。";
				INFOPLIST_KEY_UILaunchScreen_Generation = YES;
				LD_RUNPATH_SEARCH_PATHS = (
					"$(inherited)",
					"@executable_path/Frameworks",
				);
				MARKETING_VERSION = 1.0;
				PRODUCT_BUNDLE_IDENTIFIER = com.junyizhang.HealthChat;
				PRODUCT_NAME = HealthChat;
				SDKROOT = iphoneos;
				SWIFT_STRICT_CONCURRENCY = targeted;
				TARGETED_DEVICE_FAMILY = 1;
			};
			name = Debug;
		};
		83BCC3EEA52193056DC9E377 /* Release */ = {
			isa = XCBuildConfiguration;
			buildSettings = {
				ASSETCATALOG_COMPILER_APPICON_NAME = AppIcon;
				CODE_SIGN_ENTITLEMENTS = HealthChat/HealthChat.entitlements;
				CODE_SIGN_IDENTITY = "iPhone Developer";
				CURRENT_PROJECT_VERSION = 1;
				GENERATE_INFOPLIST_FILE = YES;
				INFOPLIST_FILE = HealthChat/Info.plist;
				INFOPLIST_KEY_CFBundleDisplayName = Vana;
				INFOPLIST_KEY_NSCameraUsageDescription = "用于拍摄化验单、药瓶或说明书；文字识别在本机完成，只有识别出的文字会发给你配置的模型，照片不会离开这台设备。";
				INFOPLIST_KEY_NSHealthClinicalHealthRecordsShareUsageDescription = "用于在对话中读取你已连接到「健康」的化验和体检记录。只在你提问时读取，相关内容会发送给你在设置里配置的云端模型来分析；Vana 不会修改这些记录，也不会把它们用于广告或数据挖掘。";
				INFOPLIST_KEY_NSHealthShareUsageDescription = "用于在对话中分析你的步数、睡眠、心率等健康数据。分析由你在设置里配置的云端模型完成，相关的聚合数值会发送给该服务；原始样本不会离开这台设备，Vana 也不会修改你的健康记录。";
				INFOPLIST_KEY_NSLocationWhenInUseUsageDescription = "用于让 Vana 知道你大概在哪个城市，回答季节、气候、时差和当地就医方式相关的问题；只取到城市，不取街道地址，也不会保存在本机。";
				INFOPLIST_KEY_NSMicrophoneUsageDescription = "用于「按住说话」把你说的话识别成文字填进输入框。识别在本机完成，录音不会保存，也不会离开这台设备；只有识别出的文字在你按发送后才会发给你配置的模型。";
				INFOPLIST_KEY_NSPhotoLibraryUsageDescription = "用于选取你已经拍好的化验单或药瓶照片；文字识别在本机完成，只有识别出的文字会发给你配置的模型，照片不会离开这台设备。";
				INFOPLIST_KEY_UILaunchScreen_Generation = YES;
				LD_RUNPATH_SEARCH_PATHS = (
					"$(inherited)",
					"@executable_path/Frameworks",
				);
				MARKETING_VERSION = 1.0;
				PRODUCT_BUNDLE_IDENTIFIER = com.junyizhang.HealthChat;
				PRODUCT_NAME = HealthChat;
				SDKROOT = iphoneos;
				SWIFT_STRICT_CONCURRENCY = targeted;
				TARGETED_DEVICE_FAMILY = 1;
			};
			name = Release;
		};
		9F071E57BDD74011825196F8 /* Debug */ = {
			isa = XCBuildConfiguration;
			buildSettings = {
				BUNDLE_LOADER = "$(TEST_HOST)";
				GENERATE_INFOPLIST_FILE = YES;
				LD_RUNPATH_SEARCH_PATHS = (
					"$(inherited)",
					"@executable_path/Frameworks",
					"@loader_path/Frameworks",
				);
				PRODUCT_BUNDLE_IDENTIFIER = com.junyizhang.HealthChatTests;
				SDKROOT = iphoneos;
				TARGETED_DEVICE_FAMILY = "1,2";
				TEST_HOST = "$(BUILT_PRODUCTS_DIR)/HealthChat.app/HealthChat";
			};
			name = Debug;
		};
/* End XCBuildConfiguration section */

/* Begin XCConfigurationList section */
		5A67E151CCB375A255578B7D /* Build configuration list for PBXNativeTarget "HealthChatTests" */ = {
			isa = XCConfigurationList;
			buildConfigurations = (
				9F071E57BDD74011825196F8 /* Debug */,
				55B698AD16D77E2AFBDB1688 /* Release */,
			);
			defaultConfigurationIsVisible = 0;
			defaultConfigurationName = Debug;
		};
		8FAAFC7932662947E874CAD6 /* Build configuration list for PBXNativeTarget "HealthChat" */ = {
			isa = XCConfigurationList;
			buildConfigurations = (
				7C0475D2E1881539A33DCA8E /* Debug */,
				83BCC3EEA52193056DC9E377 /* Release */,
			);
			defaultConfigurationIsVisible = 0;
			defaultConfigurationName = Debug;
		};
		CDD66117A2175BC3AAD50FCD /* Build configuration list for PBXProject "HealthChat" */ = {
			isa = XCConfigurationList;
			buildConfigurations = (
				191DC10AFAA5138A720CF67C /* Debug */,
				5D817E3D2947C103BAFC419E /* Release */,
			);
			defaultConfigurationIsVisible = 0;
			defaultConfigurationName = Debug;
		};
/* End XCConfigurationList section */

/* Begin XCLocalSwiftPackageReference section */
		853127B1BDD24FBC1573C793 /* XCLocalSwiftPackageReference "AgentRuntime" */ = {
			isa = XCLocalSwiftPackageReference;
			relativePath = AgentRuntime;
		};
		D8CE29101E0760240DC35A8E /* XCLocalSwiftPackageReference "../aikitswift" */ = {
			isa = XCLocalSwiftPackageReference;
			relativePath = ../aikitswift;
		};
/* End XCLocalSwiftPackageReference section */

/* Begin XCSwiftPackageProductDependency section */
		0A45762E47C5E6B236EB6053 /* AgentRuntime */ = {
			isa = XCSwiftPackageProductDependency;
			productName = AgentRuntime;
		};
		10AD1DA4C2AB6A5E98DD8996 /* AIKit */ = {
			isa = XCSwiftPackageProductDependency;
			productName = AIKit;
		};
		FE697F0031546643A20E7E55 /* AgentRuntime */ = {
			isa = XCSwiftPackageProductDependency;
			productName = AgentRuntime;
		};
/* End XCSwiftPackageProductDependency section */
	};
	rootObject = 3246CE8650E7B4E6AE443863 /* Project object */;
}
