// !$*UTF8*$!
{
	archiveVersion = 1;
	classes = {
	};
	objectVersion = 77;
	objects = {

/* Begin PBXBuildFile section */
		035D8709303854537D038A4C /* KeychainStore.swift in Sources */ = {isa = PBXBuildFile; fileRef = 693B0422A40F1D865403F63B /* KeychainStore.swift */; };
		0481E669EF4F0E0E5CABEC44 /* SessionStore.swift in Sources */ = {isa = PBXBuildFile; fileRef = CB3C81EFA4F5819BA6BEA62B /* SessionStore.swift */; };
		055303B542D7C5B593624D0C /* SettingsView.swift in Sources */ = {isa = PBXBuildFile; fileRef = 5EBCEF74D9E62D8A490F0CFB /* SettingsView.swift */; };
		0C5A80234BBD46447D34BC8F /* CloudCatalog.swift in Sources */ = {isa = PBXBuildFile; fileRef = 99342B97067E454CEA41A74C /* CloudCatalog.swift */; };
		11394994FFE4A02E95C07486 /* CheckInScheduler.swift in Sources */ = {isa = PBXBuildFile; fileRef = D52899627630A75079D60920 /* CheckInScheduler.swift */; };
		1EB178C4F9F2F4301A00F6AE /* ChatLoopTests.swift in Sources */ = {isa = PBXBuildFile; fileRef = 3605F6F823756E8E2D3977A4 /* ChatLoopTests.swift */; };
		2B7746B836B862AD11E5198A /* HealthChatApp.swift in Sources */ = {isa = PBXBuildFile; fileRef = 3A96DFA89142899891C5040A /* HealthChatApp.swift */; };
		2E5C952D5956350B0B7A95F1 /* ContextBudgetPerformanceTests.swift in Sources */ = {isa = PBXBuildFile; fileRef = 09B9AE29C0CB2B6771CCB916 /* ContextBudgetPerformanceTests.swift */; };
		2EC1821C50AB2EE063C5456E /* EngineSettings.swift in Sources */ = {isa = PBXBuildFile; fileRef = 488A7E75212DFCF7E9B4D57A /* EngineSettings.swift */; };
		33DDA01D626BF6ED06CF7333 /* ToolResultPanel.swift in Sources */ = {isa = PBXBuildFile; fileRef = 98FA7092CC07CC4F43676FDB /* ToolResultPanel.swift */; };
		36793F81A9C1F64F6CD1C1ED /* AssistantPersona.swift in Sources */ = {isa = PBXBuildFile; fileRef = 71DD0DA8E7A626878D4D2553 /* AssistantPersona.swift */; };
		41AFEC0661ADF52C6ED8DC89 /* ChatMessagePersistenceTests.swift in Sources */ = {isa = PBXBuildFile; fileRef = BFE15B96B7A5C9905343074E /* ChatMessagePersistenceTests.swift */; };
		49E6A8005E71885F29B8AFBC /* AppIcon.icon in Resources */ = {isa = PBXBuildFile; fileRef = 342547D9878008FA7FBE3445 /* AppIcon.icon */; };
		57E0A0A9A177F6B8BF7366C3 /* HealthReport.swift in Sources */ = {isa = PBXBuildFile; fileRef = 73490F6A80560B9A2E3BF573 /* HealthReport.swift */; };
		5A8E14B8D4CE94201F1D49F2 /* AgentRuntime in Frameworks */ = {isa = PBXBuildFile; productRef = 0A45762E47C5E6B236EB6053 /* AgentRuntime */; };
		5C28063F82AADBAC8FCEDDEE /* ChatMessage.swift in Sources */ = {isa = PBXBuildFile; fileRef = 1F93D5AB337EF321F53CCE7D /* ChatMessage.swift */; };
		61710FCB64153415EE2C514D /* AgentRuntime in Frameworks */ = {isa = PBXBuildFile; productRef = FE697F0031546643A20E7E55 /* AgentRuntime */; };
		63110BA63AF33BEF2EBAA497 /* SessionTimeSectionTests.swift in Sources */ = {isa = PBXBuildFile; fileRef = B60B19FB617757EFC5A99C9E /* SessionTimeSectionTests.swift */; };
		77F66688041E64881D5B7EEF /* SessionListView.swift in Sources */ = {isa = PBXBuildFile; fileRef = D3EA5435E4040695ACB0A74B /* SessionListView.swift */; };
		7839689D42E2C2728E83AA03 /* ChatViewModel.swift in Sources */ = {isa = PBXBuildFile; fileRef = 72475A88DE4F0DDDF7275FD3 /* ChatViewModel.swift */; };
		8726B8F27396FACF0F71ED44 /* AIKit in Frameworks */ = {isa = PBXBuildFile; productRef = 10AD1DA4C2AB6A5E98DD8996 /* AIKit */; };
		935519603C0E13B5A17B333F /* HealthStore.swift in Sources */ = {isa = PBXBuildFile; fileRef = 99FB47FBAC6D5DD791DBE341 /* HealthStore.swift */; };
		950C87E0AA3A6DB3B75F82B0 /* QuestionSuggester.swift in Sources */ = {isa = PBXBuildFile; fileRef = 8428C9546ADF171E7350A3B1 /* QuestionSuggester.swift */; };
		95D28A74F6326A87C8B49A21 /* AgentRuntimeBridge.swift in Sources */ = {isa = PBXBuildFile; fileRef = A652BD4E051861856B61EA59 /* AgentRuntimeBridge.swift */; };
		9C28DC58955726B8CAA27C0F /* ChatLoopHarness.swift in Sources */ = {isa = PBXBuildFile; fileRef = C0EAE3425B7C10A8DAAC0F3D /* ChatLoopHarness.swift */; };
		9D539A3360F66E802176FB76 /* DebugSeeder.swift in Sources */ = {isa = PBXBuildFile; fileRef = 6D7E12635C3DC0D5F69B0311 /* DebugSeeder.swift */; };
		9E99DB6119B3D9F194C8F9C8 /* ChatTopic.swift in Sources */ = {isa = PBXBuildFile; fileRef = F9FCC10525E1BE91F5812F60 /* ChatTopic.swift */; };
		A8BD34C03F9B28EFD118D4E2 /* HealthTools.swift in Sources */ = {isa = PBXBuildFile; fileRef = 7E650374FC8103EB913304E2 /* HealthTools.swift */; };
		C01C3911E3D20BB7D30FD59B /* HealthAssistantInstructions.swift in Sources */ = {isa = PBXBuildFile; fileRef = E69E7DE6F21A0E9160A0F628 /* HealthAssistantInstructions.swift */; };
		C2C3B4553544E3A79EF770AB /* ChatView.swift in Sources */ = {isa = PBXBuildFile; fileRef = 4831856EE2EC904362E41D29 /* ChatView.swift */; };
		C361FA106076E33DD4DE3584 /* AIKitEngine.swift in Sources */ = {isa = PBXBuildFile; fileRef = 675AAA08C439AACDF220D3AA /* AIKitEngine.swift */; };
		C4C25FAFEAA316D97BAAACCA /* ChatSession.swift in Sources */ = {isa = PBXBuildFile; fileRef = 6A8FEB8CD9D07CDFAAB8B872 /* ChatSession.swift */; };
		CB944C607BBA739BF99BF29E /* SuggestedQuestions.swift in Sources */ = {isa = PBXBuildFile; fileRef = 26CDAE4F1497DFF33B197F69 /* SuggestedQuestions.swift */; };
		D9A39151438E8786EE6DEF08 /* SessionTimeSection.swift in Sources */ = {isa = PBXBuildFile; fileRef = 2CAA0A242570929B7DE30FDB /* SessionTimeSection.swift */; };
		DF4068E17E3C7E38339A7D38 /* HealthSituation.swift in Sources */ = {isa = PBXBuildFile; fileRef = 0220BC12F370803EFB063960 /* HealthSituation.swift */; };
		E94ABD126DE32EFF05FAF16A /* CloudPickerViews.swift in Sources */ = {isa = PBXBuildFile; fileRef = 4A349106B1279DFA21FE15B3 /* CloudPickerViews.swift */; };
		ECEBDE5986643A4BB738D124 /* HealthAnalysis.swift in Sources */ = {isa = PBXBuildFile; fileRef = 7E3D7B3F4958B0148BEDA3BA /* HealthAnalysis.swift */; };
		FDFC3710084BB49D6D5A0EEE /* AgentEngine.swift in Sources */ = {isa = PBXBuildFile; fileRef = 2B0074F7C3BB04FAD54B8769 /* AgentEngine.swift */; };
/* End PBXBuildFile section */

/* Begin PBXContainerItemProxy section */
		6BECC9D57A84D099AFDB61DD /* PBXContainerItemProxy */ = {
			isa = PBXContainerItemProxy;
			containerPortal = 3246CE8650E7B4E6AE443863 /* Project object */;
			proxyType = 1;
			remoteGlobalIDString = A4C1FC5C987576F7B19F3806;
			remoteInfo = HealthChat;
		};
/* End PBXContainerItemProxy section */

/* Begin PBXFileReference section */
		0220BC12F370803EFB063960 /* HealthSituation.swift */ = {isa = PBXFileReference; lastKnownFileType = sourcecode.swift; path = HealthSituation.swift; sourceTree = "<group>"; };
		09B9AE29C0CB2B6771CCB916 /* ContextBudgetPerformanceTests.swift */ = {isa = PBXFileReference; lastKnownFileType = sourcecode.swift; path = ContextBudgetPerformanceTests.swift; sourceTree = "<group>"; };
		1F93D5AB337EF321F53CCE7D /* ChatMessage.swift */ = {isa = PBXFileReference; lastKnownFileType = sourcecode.swift; path = ChatMessage.swift; sourceTree = "<group>"; };
		240748FF19F50787C5D02C81 /* aikitswift */ = {isa = PBXFileReference; lastKnownFileType = folder; name = aikitswift; path = ../aikitswift; sourceTree = SOURCE_ROOT; };
		26CDAE4F1497DFF33B197F69 /* SuggestedQuestions.swift */ = {isa = PBXFileReference; lastKnownFileType = sourcecode.swift; path = SuggestedQuestions.swift; sourceTree = "<group>"; };
		2764D5648660091F407CFE7A /* HealthChat.app */ = {isa = PBXFileReference; includeInIndex = 0; lastKnownFileType = wrapper.application; path = HealthChat.app; sourceTree = BUILT_PRODUCTS_DIR; };
		2B0074F7C3BB04FAD54B8769 /* AgentEngine.swift */ = {isa = PBXFileReference; lastKnownFileType = sourcecode.swift; path = AgentEngine.swift; sourceTree = "<group>"; };
		2CAA0A242570929B7DE30FDB /* SessionTimeSection.swift */ = {isa = PBXFileReference; lastKnownFileType = sourcecode.swift; path = SessionTimeSection.swift; sourceTree = "<group>"; };
		342547D9878008FA7FBE3445 /* AppIcon.icon */ = {isa = PBXFileReference; lastKnownFileType = wrapper.icon; path = AppIcon.icon; sourceTree = "<group>"; };
		3605F6F823756E8E2D3977A4 /* ChatLoopTests.swift */ = {isa = PBXFileReference; lastKnownFileType = sourcecode.swift; path = ChatLoopTests.swift; sourceTree = "<group>"; };
		3A96DFA89142899891C5040A /* HealthChatApp.swift */ = {isa = PBXFileReference; lastKnownFileType = sourcecode.swift; path = HealthChatApp.swift; sourceTree = "<group>"; };
		4831856EE2EC904362E41D29 /* ChatView.swift */ = {isa = PBXFileReference; lastKnownFileType = sourcecode.swift; path = ChatView.swift; sourceTree = "<group>"; };
		488A7E75212DFCF7E9B4D57A /* EngineSettings.swift */ = {isa = PBXFileReference; lastKnownFileType = sourcecode.swift; path = EngineSettings.swift; sourceTree = "<group>"; };
		4A349106B1279DFA21FE15B3 /* CloudPickerViews.swift */ = {isa = PBXFileReference; lastKnownFileType = sourcecode.swift; path = CloudPickerViews.swift; sourceTree = "<group>"; };
		5DF5720A8DD2FEF3DF8EACCE /* AgentRuntime */ = {isa = PBXFileReference; lastKnownFileType = folder; name = AgentRuntime; path = AgentRuntime; sourceTree = SOURCE_ROOT; };
		5EBCEF74D9E62D8A490F0CFB /* SettingsView.swift */ = {isa = PBXFileReference; lastKnownFileType = sourcecode.swift; path = SettingsView.swift; sourceTree = "<group>"; };
		675AAA08C439AACDF220D3AA /* AIKitEngine.swift */ = {isa = PBXFileReference; lastKnownFileType = sourcecode.swift; path = AIKitEngine.swift; sourceTree = "<group>"; };
		693B0422A40F1D865403F63B /* KeychainStore.swift */ = {isa = PBXFileReference; lastKnownFileType = sourcecode.swift; path = KeychainStore.swift; sourceTree = "<group>"; };
		6A8FEB8CD9D07CDFAAB8B872 /* ChatSession.swift */ = {isa = PBXFileReference; lastKnownFileType = sourcecode.swift; path = ChatSession.swift; sourceTree = "<group>"; };
		6D7E12635C3DC0D5F69B0311 /* DebugSeeder.swift */ = {isa = PBXFileReference; lastKnownFileType = sourcecode.swift; path = DebugSeeder.swift; sourceTree = "<group>"; };
		71DD0DA8E7A626878D4D2553 /* AssistantPersona.swift */ = {isa = PBXFileReference; lastKnownFileType = sourcecode.swift; path = AssistantPersona.swift; sourceTree = "<group>"; };
		72475A88DE4F0DDDF7275FD3 /* ChatViewModel.swift */ = {isa = PBXFileReference; lastKnownFileType = sourcecode.swift; path = ChatViewModel.swift; sourceTree = "<group>"; };
		73490F6A80560B9A2E3BF573 /* HealthReport.swift */ = {isa = PBXFileReference; lastKnownFileType = sourcecode.swift; path = HealthReport.swift; sourceTree = "<group>"; };
		7E3D7B3F4958B0148BEDA3BA /* HealthAnalysis.swift */ = {isa = PBXFileReference; lastKnownFileType = sourcecode.swift; path = HealthAnalysis.swift; sourceTree = "<group>"; };
		7E650374FC8103EB913304E2 /* HealthTools.swift */ = {isa = PBXFileReference; lastKnownFileType = sourcecode.swift; path = HealthTools.swift; sourceTree = "<group>"; };
		7F86DB50065C30617D4EC449 /* HealthChat.entitlements */ = {isa = PBXFileReference; lastKnownFileType = text.plist.entitlements; path = HealthChat.entitlements; sourceTree = "<group>"; };
		8428C9546ADF171E7350A3B1 /* QuestionSuggester.swift */ = {isa = PBXFileReference; lastKnownFileType = sourcecode.swift; path = QuestionSuggester.swift; sourceTree = "<group>"; };
		98FA7092CC07CC4F43676FDB /* ToolResultPanel.swift */ = {isa = PBXFileReference; lastKnownFileType = sourcecode.swift; path = ToolResultPanel.swift; sourceTree = "<group>"; };
		99342B97067E454CEA41A74C /* CloudCatalog.swift */ = {isa = PBXFileReference; lastKnownFileType = sourcecode.swift; path = CloudCatalog.swift; sourceTree = "<group>"; };
		99FB47FBAC6D5DD791DBE341 /* HealthStore.swift */ = {isa = PBXFileReference; lastKnownFileType = sourcecode.swift; path = HealthStore.swift; sourceTree = "<group>"; };
		A652BD4E051861856B61EA59 /* AgentRuntimeBridge.swift */ = {isa = PBXFileReference; lastKnownFileType = sourcecode.swift; path = AgentRuntimeBridge.swift; sourceTree = "<group>"; };
		B1816650C836AAE200940329 /* HealthChatTests.xctest */ = {isa = PBXFileReference; includeInIndex = 0; lastKnownFileType = wrapper.cfbundle; path = HealthChatTests.xctest; sourceTree = BUILT_PRODUCTS_DIR; };
		B60B19FB617757EFC5A99C9E /* SessionTimeSectionTests.swift */ = {isa = PBXFileReference; lastKnownFileType = sourcecode.swift; path = SessionTimeSectionTests.swift; sourceTree = "<group>"; };
		BFE15B96B7A5C9905343074E /* ChatMessagePersistenceTests.swift */ = {isa = PBXFileReference; lastKnownFileType = sourcecode.swift; path = ChatMessagePersistenceTests.swift; sourceTree = "<group>"; };
		C0EAE3425B7C10A8DAAC0F3D /* ChatLoopHarness.swift */ = {isa = PBXFileReference; lastKnownFileType = sourcecode.swift; path = ChatLoopHarness.swift; sourceTree = "<group>"; };
		CB3C81EFA4F5819BA6BEA62B /* SessionStore.swift */ = {isa = PBXFileReference; lastKnownFileType = sourcecode.swift; path = SessionStore.swift; sourceTree = "<group>"; };
		D3EA5435E4040695ACB0A74B /* SessionListView.swift */ = {isa = PBXFileReference; lastKnownFileType = sourcecode.swift; path = SessionListView.swift; sourceTree = "<group>"; };
		D52899627630A75079D60920 /* CheckInScheduler.swift */ = {isa = PBXFileReference; lastKnownFileType = sourcecode.swift; path = CheckInScheduler.swift; sourceTree = "<group>"; };
		E69E7DE6F21A0E9160A0F628 /* HealthAssistantInstructions.swift */ = {isa = PBXFileReference; lastKnownFileType = sourcecode.swift; path = HealthAssistantInstructions.swift; sourceTree = "<group>"; };
		F9FCC10525E1BE91F5812F60 /* ChatTopic.swift */ = {isa = PBXFileReference; lastKnownFileType = sourcecode.swift; path = ChatTopic.swift; sourceTree = "<group>"; };
/* End PBXFileReference section */

/* Begin PBXFrameworksBuildPhase section */
		0A65DD261C10ACCCBBCF0586 /* Frameworks */ = {
			isa = PBXFrameworksBuildPhase;
			buildActionMask = 2147483647;
			files = (
				61710FCB64153415EE2C514D /* AgentRuntime in Frameworks */,
			);
			runOnlyForDeploymentPostprocessing = 0;
		};
		D110C1BE203E6BC81B1E71D6 /* Frameworks */ = {
			isa = PBXFrameworksBuildPhase;
			buildActionMask = 2147483647;
			files = (
				5A8E14B8D4CE94201F1D49F2 /* AgentRuntime in Frameworks */,
				8726B8F27396FACF0F71ED44 /* AIKit in Frameworks */,
			);
			runOnlyForDeploymentPostprocessing = 0;
		};
/* End PBXFrameworksBuildPhase section */

/* Begin PBXGroup section */
		27C8760FC9F8B66252B9A34B = {
			isa = PBXGroup;
			children = (
				3ADC8D25DBD68C363CC4B6CB /* HealthChat */,
				DCDC059BA539F5033992EA4F /* HealthChatTests */,
				FD5634472C0DC070F1FEEA47 /* Packages */,
				A51543E4F499D110097E3EDB /* Products */,
			);
			sourceTree = "<group>";
		};
		3793A388C145DD413F350641 /* Chat */ = {
			isa = PBXGroup;
			children = (
				F9FCC10525E1BE91F5812F60 /* ChatTopic.swift */,
				4831856EE2EC904362E41D29 /* ChatView.swift */,
				72475A88DE4F0DDDF7275FD3 /* ChatViewModel.swift */,
				D3EA5435E4040695ACB0A74B /* SessionListView.swift */,
				CB3C81EFA4F5819BA6BEA62B /* SessionStore.swift */,
				2CAA0A242570929B7DE30FDB /* SessionTimeSection.swift */,
				26CDAE4F1497DFF33B197F69 /* SuggestedQuestions.swift */,
				98FA7092CC07CC4F43676FDB /* ToolResultPanel.swift */,
			);
			path = Chat;
			sourceTree = "<group>";
		};
		3ADC8D25DBD68C363CC4B6CB /* HealthChat */ = {
			isa = PBXGroup;
			children = (
				342547D9878008FA7FBE3445 /* AppIcon.icon */,
				7F86DB50065C30617D4EC449 /* HealthChat.entitlements */,
				3A96DFA89142899891C5040A /* HealthChatApp.swift */,
				3793A388C145DD413F350641 /* Chat */,
				7F3FD4BDBFA4B5FA58FAB75D /* Engine */,
				7229EB7A7508313A4C9E5CBE /* Health */,
				8067923987197A5031827414 /* Models */,
				BEB0F1583ED31D14EC7B660B /* Settings */,
			);
			path = HealthChat;
			sourceTree = "<group>";
		};
		7229EB7A7508313A4C9E5CBE /* Health */ = {
			isa = PBXGroup;
			children = (
				D52899627630A75079D60920 /* CheckInScheduler.swift */,
				6D7E12635C3DC0D5F69B0311 /* DebugSeeder.swift */,
				7E3D7B3F4958B0148BEDA3BA /* HealthAnalysis.swift */,
				0220BC12F370803EFB063960 /* HealthSituation.swift */,
				99FB47FBAC6D5DD791DBE341 /* HealthStore.swift */,
			);
			path = Health;
			sourceTree = "<group>";
		};
		7F3FD4BDBFA4B5FA58FAB75D /* Engine */ = {
			isa = PBXGroup;
			children = (
				2B0074F7C3BB04FAD54B8769 /* AgentEngine.swift */,
				A652BD4E051861856B61EA59 /* AgentRuntimeBridge.swift */,
				675AAA08C439AACDF220D3AA /* AIKitEngine.swift */,
				E69E7DE6F21A0E9160A0F628 /* HealthAssistantInstructions.swift */,
				73490F6A80560B9A2E3BF573 /* HealthReport.swift */,
				7E650374FC8103EB913304E2 /* HealthTools.swift */,
				8428C9546ADF171E7350A3B1 /* QuestionSuggester.swift */,
			);
			path = Engine;
			sourceTree = "<group>";
		};
		8067923987197A5031827414 /* Models */ = {
			isa = PBXGroup;
			children = (
				1F93D5AB337EF321F53CCE7D /* ChatMessage.swift */,
				6A8FEB8CD9D07CDFAAB8B872 /* ChatSession.swift */,
			);
			path = Models;
			sourceTree = "<group>";
		};
		A51543E4F499D110097E3EDB /* Products */ = {
			isa = PBXGroup;
			children = (
				2764D5648660091F407CFE7A /* HealthChat.app */,
				B1816650C836AAE200940329 /* HealthChatTests.xctest */,
			);
			name = Products;
			sourceTree = "<group>";
		};
		BEB0F1583ED31D14EC7B660B /* Settings */ = {
			isa = PBXGroup;
			children = (
				71DD0DA8E7A626878D4D2553 /* AssistantPersona.swift */,
				99342B97067E454CEA41A74C /* CloudCatalog.swift */,
				4A349106B1279DFA21FE15B3 /* CloudPickerViews.swift */,
				488A7E75212DFCF7E9B4D57A /* EngineSettings.swift */,
				693B0422A40F1D865403F63B /* KeychainStore.swift */,
				5EBCEF74D9E62D8A490F0CFB /* SettingsView.swift */,
			);
			path = Settings;
			sourceTree = "<group>";
		};
		DCDC059BA539F5033992EA4F /* HealthChatTests */ = {
			isa = PBXGroup;
			children = (
				C0EAE3425B7C10A8DAAC0F3D /* ChatLoopHarness.swift */,
				3605F6F823756E8E2D3977A4 /* ChatLoopTests.swift */,
				BFE15B96B7A5C9905343074E /* ChatMessagePersistenceTests.swift */,
				09B9AE29C0CB2B6771CCB916 /* ContextBudgetPerformanceTests.swift */,
				B60B19FB617757EFC5A99C9E /* SessionTimeSectionTests.swift */,
			);
			path = HealthChatTests;
			sourceTree = "<group>";
		};
		FD5634472C0DC070F1FEEA47 /* Packages */ = {
			isa = PBXGroup;
			children = (
				5DF5720A8DD2FEF3DF8EACCE /* AgentRuntime */,
				240748FF19F50787C5D02C81 /* aikitswift */,
			);
			name = Packages;
			sourceTree = "<group>";
		};
/* End PBXGroup section */

/* Begin PBXNativeTarget section */
		04F6D327FE1B8BC3FC6524CE /* HealthChatTests */ = {
			isa = PBXNativeTarget;
			buildConfigurationList = 5A67E151CCB375A255578B7D /* Build configuration list for PBXNativeTarget "HealthChatTests" */;
			buildPhases = (
				688D9B51E359CF80EFC6ED42 /* Sources */,
				0A65DD261C10ACCCBBCF0586 /* Frameworks */,
			);
			buildRules = (
			);
			dependencies = (
				41B38456BA3E99BD24286306 /* PBXTargetDependency */,
			);
			name = HealthChatTests;
			packageProductDependencies = (
				FE697F0031546643A20E7E55 /* AgentRuntime */,
			);
			productName = HealthChatTests;
			productReference = B1816650C836AAE200940329 /* HealthChatTests.xctest */;
			productType = "com.apple.product-type.bundle.unit-test";
		};
		A4C1FC5C987576F7B19F3806 /* HealthChat */ = {
			isa = PBXNativeTarget;
			buildConfigurationList = 8FAAFC7932662947E874CAD6 /* Build configuration list for PBXNativeTarget "HealthChat" */;
			buildPhases = (
				12FA0E4298A19B191C3E6F9D /* Sources */,
				1F1B4D98612BDD8E50141818 /* Resources */,
				D110C1BE203E6BC81B1E71D6 /* Frameworks */,
			);
			buildRules = (
			);
			dependencies = (
			);
			name = HealthChat;
			packageProductDependencies = (
				0A45762E47C5E6B236EB6053 /* AgentRuntime */,
				10AD1DA4C2AB6A5E98DD8996 /* AIKit */,
			);
			productName = HealthChat;
			productReference = 2764D5648660091F407CFE7A /* HealthChat.app */;
			productType = "com.apple.product-type.application";
		};
/* End PBXNativeTarget section */

/* Begin PBXProject section */
		3246CE8650E7B4E6AE443863 /* Project object */ = {
			isa = PBXProject;
			attributes = {
				BuildIndependentTargetsInParallel = YES;
				LastUpgradeCheck = 1430;
				TargetAttributes = {
					04F6D327FE1B8BC3FC6524CE = {
						ProvisioningStyle = Automatic;
					};
					A4C1FC5C987576F7B19F3806 = {
						ProvisioningStyle = Automatic;
					};
				};
			};
			buildConfigurationList = CDD66117A2175BC3AAD50FCD /* Build configuration list for PBXProject "HealthChat" */;
			developmentRegion = en;
			hasScannedForEncodings = 0;
			knownRegions = (
				Base,
				en,
			);
			mainGroup = 27C8760FC9F8B66252B9A34B;
			minimizedProjectReferenceProxies = 1;
			packageReferences = (
				D8CE29101E0760240DC35A8E /* XCLocalSwiftPackageReference "../aikitswift" */,
				853127B1BDD24FBC1573C793 /* XCLocalSwiftPackageReference "AgentRuntime" */,
			);
			preferredProjectObjectVersion = 77;
			productRefGroup = A51543E4F499D110097E3EDB /* Products */;
			projectDirPath = "";
			projectRoot = "";
			targets = (
				04F6D327FE1B8BC3FC6524CE /* HealthChatTests */,
				A4C1FC5C987576F7B19F3806 /* HealthChat */,
			);
		};
/* End PBXProject section */

/* Begin PBXResourcesBuildPhase section */
		1F1B4D98612BDD8E50141818 /* Resources */ = {
			isa = PBXResourcesBuildPhase;
			buildActionMask = 2147483647;
			files = (
				49E6A8005E71885F29B8AFBC /* AppIcon.icon in Resources */,
			);
			runOnlyForDeploymentPostprocessing = 0;
		};
/* End PBXResourcesBuildPhase section */

/* Begin PBXSourcesBuildPhase section */
		12FA0E4298A19B191C3E6F9D /* Sources */ = {
			isa = PBXSourcesBuildPhase;
			buildActionMask = 2147483647;
			files = (
				C361FA106076E33DD4DE3584 /* AIKitEngine.swift in Sources */,
				FDFC3710084BB49D6D5A0EEE /* AgentEngine.swift in Sources */,
				95D28A74F6326A87C8B49A21 /* AgentRuntimeBridge.swift in Sources */,
				36793F81A9C1F64F6CD1C1ED /* AssistantPersona.swift in Sources */,
				5C28063F82AADBAC8FCEDDEE /* ChatMessage.swift in Sources */,
				C4C25FAFEAA316D97BAAACCA /* ChatSession.swift in Sources */,
				9E99DB6119B3D9F194C8F9C8 /* ChatTopic.swift in Sources */,
				C2C3B4553544E3A79EF770AB /* ChatView.swift in Sources */,
				7839689D42E2C2728E83AA03 /* ChatViewModel.swift in Sources */,
				11394994FFE4A02E95C07486 /* CheckInScheduler.swift in Sources */,
				0C5A80234BBD46447D34BC8F /* CloudCatalog.swift in Sources */,
				E94ABD126DE32EFF05FAF16A /* CloudPickerViews.swift in Sources */,
				9D539A3360F66E802176FB76 /* DebugSeeder.swift in Sources */,
				2EC1821C50AB2EE063C5456E /* EngineSettings.swift in Sources */,
				ECEBDE5986643A4BB738D124 /* HealthAnalysis.swift in Sources */,
				C01C3911E3D20BB7D30FD59B /* HealthAssistantInstructions.swift in Sources */,
				2B7746B836B862AD11E5198A /* HealthChatApp.swift in Sources */,
				57E0A0A9A177F6B8BF7366C3 /* HealthReport.swift in Sources */,
				DF4068E17E3C7E38339A7D38 /* HealthSituation.swift in Sources */,
				935519603C0E13B5A17B333F /* HealthStore.swift in Sources */,
				A8BD34C03F9B28EFD118D4E2 /* HealthTools.swift in Sources */,
				035D8709303854537D038A4C /* KeychainStore.swift in Sources */,
				950C87E0AA3A6DB3B75F82B0 /* QuestionSuggester.swift in Sources */,
				77F66688041E64881D5B7EEF /* SessionListView.swift in Sources */,
				0481E669EF4F0E0E5CABEC44 /* SessionStore.swift in Sources */,
				D9A39151438E8786EE6DEF08 /* SessionTimeSection.swift in Sources */,
				055303B542D7C5B593624D0C /* SettingsView.swift in Sources */,
				CB944C607BBA739BF99BF29E /* SuggestedQuestions.swift in Sources */,
				33DDA01D626BF6ED06CF7333 /* ToolResultPanel.swift in Sources */,
			);
			runOnlyForDeploymentPostprocessing = 0;
		};
		688D9B51E359CF80EFC6ED42 /* Sources */ = {
			isa = PBXSourcesBuildPhase;
			buildActionMask = 2147483647;
			files = (
				9C28DC58955726B8CAA27C0F /* ChatLoopHarness.swift in Sources */,
				1EB178C4F9F2F4301A00F6AE /* ChatLoopTests.swift in Sources */,
				41AFEC0661ADF52C6ED8DC89 /* ChatMessagePersistenceTests.swift in Sources */,
				2E5C952D5956350B0B7A95F1 /* ContextBudgetPerformanceTests.swift in Sources */,
				63110BA63AF33BEF2EBAA497 /* SessionTimeSectionTests.swift in Sources */,
			);
			runOnlyForDeploymentPostprocessing = 0;
		};
/* End PBXSourcesBuildPhase section */

/* Begin PBXTargetDependency section */
		41B38456BA3E99BD24286306 /* PBXTargetDependency */ = {
			isa = PBXTargetDependency;
			target = A4C1FC5C987576F7B19F3806 /* HealthChat */;
			targetProxy = 6BECC9D57A84D099AFDB61DD /* PBXContainerItemProxy */;
		};
/* End PBXTargetDependency section */

/* Begin XCBuildConfiguration section */
		191DC10AFAA5138A720CF67C /* Debug */ = {
			isa = XCBuildConfiguration;
			buildSettings = {
				ALWAYS_SEARCH_USER_PATHS = NO;
				CLANG_ANALYZER_NONNULL = YES;
				CLANG_ANALYZER_NUMBER_OBJECT_CONVERSION = YES_AGGRESSIVE;
				CLANG_CXX_LANGUAGE_STANDARD = "gnu++14";
				CLANG_CXX_LIBRARY = "libc++";
				CLANG_ENABLE_MODULES = YES;
				CLANG_ENABLE_OBJC_ARC = YES;
				CLANG_ENABLE_OBJC_WEAK = YES;
				CLANG_WARN_BLOCK_CAPTURE_AUTORELEASING = YES;
				CLANG_WARN_BOOL_CONVERSION = YES;
				CLANG_WARN_COMMA = YES;
				CLANG_WARN_CONSTANT_CONVERSION = YES;
				CLANG_WARN_DEPRECATED_OBJC_IMPLEMENTATIONS = YES;
				CLANG_WARN_DIRECT_OBJC_ISA_USAGE = YES_ERROR;
				CLANG_WARN_DOCUMENTATION_COMMENTS = YES;
				CLANG_WARN_EMPTY_BODY = YES;
				CLANG_WARN_ENUM_CONVERSION = YES;
				CLANG_WARN_INFINITE_RECURSION = YES;
				CLANG_WARN_INT_CONVERSION = YES;
				CLANG_WARN_NON_LITERAL_NULL_CONVERSION = YES;
				CLANG_WARN_OBJC_IMPLICIT_RETAIN_SELF = YES;
				CLANG_WARN_OBJC_LITERAL_CONVERSION = YES;
				CLANG_WARN_OBJC_ROOT_CLASS = YES_ERROR;
				CLANG_WARN_QUOTED_INCLUDE_IN_FRAMEWORK_HEADER = YES;
				CLANG_WARN_RANGE_LOOP_ANALYSIS = YES;
				CLANG_WARN_STRICT_PROTOTYPES = YES;
				CLANG_WARN_SUSPICIOUS_MOVE = YES;
				CLANG_WARN_UNGUARDED_AVAILABILITY = YES_AGGRESSIVE;
				CLANG_WARN_UNREACHABLE_CODE = YES;
				CLANG_WARN__DUPLICATE_METHOD_MATCH = YES;
				CODE_SIGN_STYLE = Automatic;
				COPY_PHASE_STRIP = NO;
				DEBUG_INFORMATION_FORMAT = dwarf;
				ENABLE_STRICT_OBJC_MSGSEND = YES;
				ENABLE_TESTABILITY = YES;
				GCC_C_LANGUAGE_STANDARD = gnu11;
				GCC_DYNAMIC_NO_PIC = NO;
				GCC_NO_COMMON_BLOCKS = YES;
				GCC_OPTIMIZATION_LEVEL = 0;
				GCC_PREPROCESSOR_DEFINITIONS = (
					"$(inherited)",
					"DEBUG=1",
				);
				GCC_WARN_64_TO_32_BIT_CONVERSION = YES;
				GCC_WARN_ABOUT_RETURN_TYPE = YES_ERROR;
				GCC_WARN_UNDECLARED_SELECTOR = YES;
				GCC_WARN_UNINITIALIZED_AUTOS = YES_AGGRESSIVE;
				GCC_WARN_UNUSED_FUNCTION = YES;
				GCC_WARN_UNUSED_VARIABLE = YES;
				IPHONEOS_DEPLOYMENT_TARGET = 26.0;
				MTL_ENABLE_DEBUG_INFO = INCLUDE_SOURCE;
				MTL_FAST_MATH = YES;
				ONLY_ACTIVE_ARCH = YES;
				PRODUCT_NAME = "$(TARGET_NAME)";
				SDKROOT = iphoneos;
				SWIFT_ACTIVE_COMPILATION_CONDITIONS = DEBUG;
				SWIFT_OPTIMIZATION_LEVEL = "-Onone";
				SWIFT_VERSION = 6.0;
			};
			name = Debug;
		};
		55B698AD16D77E2AFBDB1688 /* Release */ = {
			isa = XCBuildConfiguration;
			buildSettings = {
				BUNDLE_LOADER = "$(TEST_HOST)";
				GENERATE_INFOPLIST_FILE = YES;
				LD_RUNPATH_SEARCH_PATHS = (
					"$(inherited)",
					"@executable_path/Frameworks",
					"@loader_path/Frameworks",
				);
				PRODUCT_BUNDLE_IDENTIFIER = com.junyizhang.HealthChatTests;
				SDKROOT = iphoneos;
				TARGETED_DEVICE_FAMILY = "1,2";
				TEST_HOST = "$(BUILT_PRODUCTS_DIR)/HealthChat.app/HealthChat";
			};
			name = Release;
		};
		5D817E3D2947C103BAFC419E /* Release */ = {
			isa = XCBuildConfiguration;
			buildSettings = {
				ALWAYS_SEARCH_USER_PATHS = NO;
				CLANG_ANALYZER_NONNULL = YES;
				CLANG_ANALYZER_NUMBER_OBJECT_CONVERSION = YES_AGGRESSIVE;
				CLANG_CXX_LANGUAGE_STANDARD = "gnu++14";
				CLANG_CXX_LIBRARY = "libc++";
				CLANG_ENABLE_MODULES = YES;
				CLANG_ENABLE_OBJC_ARC = YES;
				CLANG_ENABLE_OBJC_WEAK = YES;
				CLANG_WARN_BLOCK_CAPTURE_AUTORELEASING = YES;
				CLANG_WARN_BOOL_CONVERSION = YES;
				CLANG_WARN_COMMA = YES;
				CLANG_WARN_CONSTANT_CONVERSION = YES;
				CLANG_WARN_DEPRECATED_OBJC_IMPLEMENTATIONS = YES;
				CLANG_WARN_DIRECT_OBJC_ISA_USAGE = YES_ERROR;
				CLANG_WARN_DOCUMENTATION_COMMENTS = YES;
				CLANG_WARN_EMPTY_BODY = YES;
				CLANG_WARN_ENUM_CONVERSION = YES;
				CLANG_WARN_INFINITE_RECURSION = YES;
				CLANG_WARN_INT_CONVERSION = YES;
				CLANG_WARN_NON_LITERAL_NULL_CONVERSION = YES;
				CLANG_WARN_OBJC_IMPLICIT_RETAIN_SELF = YES;
				CLANG_WARN_OBJC_LITERAL_CONVERSION = YES;
				CLANG_WARN_OBJC_ROOT_CLASS = YES_ERROR;
				CLANG_WARN_QUOTED_INCLUDE_IN_FRAMEWORK_HEADER = YES;
				CLANG_WARN_RANGE_LOOP_ANALYSIS = YES;
				CLANG_WARN_STRICT_PROTOTYPES = YES;
				CLANG_WARN_SUSPICIOUS_MOVE = YES;
				CLANG_WARN_UNGUARDED_AVAILABILITY = YES_AGGRESSIVE;
				CLANG_WARN_UNREACHABLE_CODE = YES;
				CLANG_WARN__DUPLICATE_METHOD_MATCH = YES;
				CODE_SIGN_STYLE = Automatic;
				COPY_PHASE_STRIP = NO;
				DEBUG_INFORMATION_FORMAT = "dwarf-with-dsym";
				ENABLE_NS_ASSERTIONS = NO;
				ENABLE_STRICT_OBJC_MSGSEND = YES;
				GCC_C_LANGUAGE_STANDARD = gnu11;
				GCC_NO_COMMON_BLOCKS = YES;
				GCC_WARN_64_TO_32_BIT_CONVERSION = YES;
				GCC_WARN_ABOUT_RETURN_TYPE = YES_ERROR;
				GCC_WARN_UNDECLARED_SELECTOR = YES;
				GCC_WARN_UNINITIALIZED_AUTOS = YES_AGGRESSIVE;
				GCC_WARN_UNUSED_FUNCTION = YES;
				GCC_WARN_UNUSED_VARIABLE = YES;
				IPHONEOS_DEPLOYMENT_TARGET = 26.0;
				MTL_ENABLE_DEBUG_INFO = NO;
				MTL_FAST_MATH = YES;
				PRODUCT_NAME = "$(TARGET_NAME)";
				SDKROOT = iphoneos;
				SWIFT_COMPILATION_MODE = wholemodule;
				SWIFT_OPTIMIZATION_LEVEL = "-O";
				SWIFT_VERSION = 6.0;
			};
			name = Release;
		};
		7C0475D2E1881539A33DCA8E /* Debug */ = {
			isa = XCBuildConfiguration;
			buildSettings = {
				ASSETCATALOG_COMPILER_APPICON_NAME = AppIcon;
				CODE_SIGN_ENTITLEMENTS = HealthChat/HealthChat.entitlements;
				CODE_SIGN_IDENTITY = "iPhone Developer";
				GENERATE_INFOPLIST_FILE = YES;
				INFOPLIST_KEY_CFBundleDisplayName = Vana;
				INFOPLIST_KEY_NSHealthClinicalHealthRecordsShareUsageDescription = "用于在对话中读取你已连接到「健康」的化验和体检记录；数据只在你提问时被读取，不会被修改。";
				INFOPLIST_KEY_NSHealthShareUsageDescription = "用于在对话中分析你的步数、睡眠、心率等健康数据;端上模型模式下数据不离开设备。";
				INFOPLIST_KEY_NSHealthUpdateUsageDescription = "仅在开发版本中写入模拟健康数据，用于验证查询和分析结果。";
				INFOPLIST_KEY_UILaunchScreen_Generation = YES;
				LD_RUNPATH_SEARCH_PATHS = (
					"$(inherited)",
					"@executable_path/Frameworks",
				);
				PRODUCT_BUNDLE_IDENTIFIER = com.junyizhang.HealthChat;
				PRODUCT_NAME = HealthChat;
				SDKROOT = iphoneos;
				SWIFT_STRICT_CONCURRENCY = targeted;
				TARGETED_DEVICE_FAMILY = 1;
			};
			name = Debug;
		};
		83BCC3EEA52193056DC9E377 /* Release */ = {
			isa = XCBuildConfiguration;
			buildSettings = {
				ASSETCATALOG_COMPILER_APPICON_NAME = AppIcon;
				CODE_SIGN_ENTITLEMENTS = HealthChat/HealthChat.entitlements;
				CODE_SIGN_IDENTITY = "iPhone Developer";
				GENERATE_INFOPLIST_FILE = YES;
				INFOPLIST_KEY_CFBundleDisplayName = Vana;
				INFOPLIST_KEY_NSHealthClinicalHealthRecordsShareUsageDescription = "用于在对话中读取你已连接到「健康」的化验和体检记录；数据只在你提问时被读取，不会被修改。";
				INFOPLIST_KEY_NSHealthShareUsageDescription = "用于在对话中分析你的步数、睡眠、心率等健康数据;端上模型模式下数据不离开设备。";
				INFOPLIST_KEY_NSHealthUpdateUsageDescription = "仅在开发版本中写入模拟健康数据，用于验证查询和分析结果。";
				INFOPLIST_KEY_UILaunchScreen_Generation = YES;
				LD_RUNPATH_SEARCH_PATHS = (
					"$(inherited)",
					"@executable_path/Frameworks",
				);
				PRODUCT_BUNDLE_IDENTIFIER = com.junyizhang.HealthChat;
				PRODUCT_NAME = HealthChat;
				SDKROOT = iphoneos;
				SWIFT_STRICT_CONCURRENCY = targeted;
				TARGETED_DEVICE_FAMILY = 1;
			};
			name = Release;
		};
		9F071E57BDD74011825196F8 /* Debug */ = {
			isa = XCBuildConfiguration;
			buildSettings = {
				BUNDLE_LOADER = "$(TEST_HOST)";
				GENERATE_INFOPLIST_FILE = YES;
				LD_RUNPATH_SEARCH_PATHS = (
					"$(inherited)",
					"@executable_path/Frameworks",
					"@loader_path/Frameworks",
				);
				PRODUCT_BUNDLE_IDENTIFIER = com.junyizhang.HealthChatTests;
				SDKROOT = iphoneos;
				TARGETED_DEVICE_FAMILY = "1,2";
				TEST_HOST = "$(BUILT_PRODUCTS_DIR)/HealthChat.app/HealthChat";
			};
			name = Debug;
		};
/* End XCBuildConfiguration section */

/* Begin XCConfigurationList section */
		5A67E151CCB375A255578B7D /* Build configuration list for PBXNativeTarget "HealthChatTests" */ = {
			isa = XCConfigurationList;
			buildConfigurations = (
				9F071E57BDD74011825196F8 /* Debug */,
				55B698AD16D77E2AFBDB1688 /* Release */,
			);
			defaultConfigurationIsVisible = 0;
			defaultConfigurationName = Debug;
		};
		8FAAFC7932662947E874CAD6 /* Build configuration list for PBXNativeTarget "HealthChat" */ = {
			isa = XCConfigurationList;
			buildConfigurations = (
				7C0475D2E1881539A33DCA8E /* Debug */,
				83BCC3EEA52193056DC9E377 /* Release */,
			);
			defaultConfigurationIsVisible = 0;
			defaultConfigurationName = Debug;
		};
		CDD66117A2175BC3AAD50FCD /* Build configuration list for PBXProject "HealthChat" */ = {
			isa = XCConfigurationList;
			buildConfigurations = (
				191DC10AFAA5138A720CF67C /* Debug */,
				5D817E3D2947C103BAFC419E /* Release */,
			);
			defaultConfigurationIsVisible = 0;
			defaultConfigurationName = Debug;
		};
/* End XCConfigurationList section */

/* Begin XCLocalSwiftPackageReference section */
		853127B1BDD24FBC1573C793 /* XCLocalSwiftPackageReference "AgentRuntime" */ = {
			isa = XCLocalSwiftPackageReference;
			relativePath = AgentRuntime;
		};
		D8CE29101E0760240DC35A8E /* XCLocalSwiftPackageReference "../aikitswift" */ = {
			isa = XCLocalSwiftPackageReference;
			relativePath = ../aikitswift;
		};
/* End XCLocalSwiftPackageReference section */

/* Begin XCSwiftPackageProductDependency section */
		0A45762E47C5E6B236EB6053 /* AgentRuntime */ = {
			isa = XCSwiftPackageProductDependency;
			productName = AgentRuntime;
		};
		10AD1DA4C2AB6A5E98DD8996 /* AIKit */ = {
			isa = XCSwiftPackageProductDependency;
			productName = AIKit;
		};
		FE697F0031546643A20E7E55 /* AgentRuntime */ = {
			isa = XCSwiftPackageProductDependency;
			productName = AgentRuntime;
		};
/* End XCSwiftPackageProductDependency section */
	};
	rootObject = 3246CE8650E7B4E6AE443863 /* Project object */;
}
